// !$*UTF8*$!
{
	archiveVersion = 1;
	classes = {
	};
	objectVersion = 53;
	objects = {

/* Begin PBXBuildFile section */
		0415B1B11EA0B42A007C6863 /* StoreKit.framework in Frameworks */ = {isa = PBXBuildFile; fileRef = 0415B1B01EA0B42A007C6863 /* StoreKit.framework */; settings = {ATTRIBUTES = (Weak, ); }; };
		0415B1B31EA0B452007C6863 /* SafariServices.framework in Frameworks */ = {isa = PBXBuildFile; fileRef = 0415B1B21EA0B452007C6863 /* SafariServices.framework */; };
		0415B1B51EA0B47A007C6863 /* CFNetwork.framework in Frameworks */ = {isa = PBXBuildFile; fileRef = 0415B1B41EA0B47A007C6863 /* CFNetwork.framework */; };
		0415B1B71EA0B4B0007C6863 /* libsqlite3.tbd in Frameworks */ = {isa = PBXBuildFile; fileRef = 0415B1B61EA0B4B0007C6863 /* libsqlite3.tbd */; };
		0415B1B91EA0B5C6007C6863 /* CoreData.framework in Frameworks */ = {isa = PBXBuildFile; fileRef = 0415B1B81EA0B5C6007C6863 /* CoreData.framework */; };
		0415B1BB1EA0B5EE007C6863 /* AdSupport.framework in Frameworks */ = {isa = PBXBuildFile; fileRef = 0415B1BA1EA0B5EE007C6863 /* AdSupport.framework */; settings = {ATTRIBUTES = (Weak, ); }; };
		1D0CA5371FB3020E00383825 /* MapKit.framework in Frameworks */ = {isa = PBXBuildFile; fileRef = 1D0CA5361FB3020E00383825 /* MapKit.framework */; };
		1D0CA5391FB3021B00383825 /* WebKit.framework in Frameworks */ = {isa = PBXBuildFile; fileRef = 1D0CA5381FB3021B00383825 /* WebKit.framework */; };
		1D0CA53B1FB3022800383825 /* AVFoundation.framework in Frameworks */ = {isa = PBXBuildFile; fileRef = 1D0CA53A1FB3022800383825 /* AVFoundation.framework */; };
		1D0CA53D1FB3023400383825 /* AudioToolbox.framework in Frameworks */ = {isa = PBXBuildFile; fileRef = 1D0CA53C1FB3023400383825 /* AudioToolbox.framework */; };
		1D0CA53F1FB3023F00383825 /* MobileCoreServices.framework in Frameworks */ = {isa = PBXBuildFile; fileRef = 1D0CA53E1FB3023F00383825 /* MobileCoreServices.framework */; };
		1D0CA5411FB3025300383825 /* AssetsLibrary.framework in Frameworks */ = {isa = PBXBuildFile; fileRef = 1D0CA5401FB3025300383825 /* AssetsLibrary.framework */; };
		1D0CA5431FB3026B00383825 /* libicucore.tbd in Frameworks */ = {isa = PBXBuildFile; fileRef = 1D0CA5421FB3026B00383825 /* libicucore.tbd */; };
		1D0CA5451FB3027C00383825 /* libc++.tbd in Frameworks */ = {isa = PBXBuildFile; fileRef = 1D0CA5441FB3027C00383825 /* libc++.tbd */; };
		1D0CA5631FB30AE800383825 /* ImageIO.framework in Frameworks */ = {isa = PBXBuildFile; fileRef = 1D0CA5621FB30AE800383825 /* ImageIO.framework */; };
		1D42912E244EE39000CA38C5 /* FBSDKCoreKit.framework in Frameworks */ = {isa = PBXBuildFile; fileRef = 1D429125244EE37E00CA38C5 /* FBSDKCoreKit.framework */; };
		1D42912F244EE39000CA38C5 /* FBSDKCoreKit.framework in Embed Frameworks */ = {isa = PBXBuildFile; fileRef = 1D429125244EE37E00CA38C5 /* FBSDKCoreKit.framework */; settings = {ATTRIBUTES = (CodeSignOnCopy, RemoveHeadersOnCopy, ); }; };
		1D429130244EE39300CA38C5 /* FBSDKLoginKit.framework in Frameworks */ = {isa = PBXBuildFile; fileRef = 1D429126244EE37E00CA38C5 /* FBSDKLoginKit.framework */; };
		1D429131244EE39300CA38C5 /* FBSDKLoginKit.framework in Embed Frameworks */ = {isa = PBXBuildFile; fileRef = 1D429126244EE37E00CA38C5 /* FBSDKLoginKit.framework */; settings = {ATTRIBUTES = (CodeSignOnCopy, RemoveHeadersOnCopy, ); }; };
		1D429132244EE39400CA38C5 /* FBSDKShareKit.framework in Frameworks */ = {isa = PBXBuildFile; fileRef = 1D429127244EE37E00CA38C5 /* FBSDKShareKit.framework */; };
		1D429133244EE39400CA38C5 /* FBSDKShareKit.framework in Embed Frameworks */ = {isa = PBXBuildFile; fileRef = 1D429127244EE37E00CA38C5 /* FBSDKShareKit.framework */; settings = {ATTRIBUTES = (CodeSignOnCopy, RemoveHeadersOnCopy, ); }; };
		1D61959C20F87CC000A63ED2 /* iAd.framework in Frameworks */ = {isa = PBXBuildFile; fileRef = 1D61959B20F87CC000A63ED2 /* iAd.framework */; settings = {ATTRIBUTES = (Weak, ); }; };
		1D9098462492013D00681F05 /* hysdk.framework in Frameworks */ = {isa = PBXBuildFile; fileRef = 1D9098452492013D00681F05 /* hysdk.framework */; };
		1D9098482492021100681F05 /* AVKit.framework in Frameworks */ = {isa = PBXBuildFile; fileRef = 1D9098472492021000681F05 /* AVKit.framework */; };
		1D90984A2492021B00681F05 /* MediaPlayer.framework in Frameworks */ = {isa = PBXBuildFile; fileRef = 1D9098492492021B00681F05 /* MediaPlayer.framework */; };
		1D90984C2492022500681F05 /* CoreMedia.framework in Frameworks */ = {isa = PBXBuildFile; fileRef = 1D90984B2492022500681F05 /* CoreMedia.framework */; };
		1D90984E2492023100681F05 /* QuartzCore.framework in Frameworks */ = {isa = PBXBuildFile; fileRef = 1D90984D2492023100681F05 /* QuartzCore.framework */; };
		1D9098502492023C00681F05 /* ReplayKit.framework in Frameworks */ = {isa = PBXBuildFile; fileRef = 1D90984F2492023C00681F05 /* ReplayKit.framework */; };
		1D90985224920A6B00681F05 /* NaverCafeSDK.bundle in Resources */ = {isa = PBXBuildFile; fileRef = 1D90985124920A6B00681F05 /* NaverCafeSDK.bundle */; };
		8804C7411C9BD69A0091400C /* main.m in Sources */ = {isa = PBXBuildFile; fileRef = 8804C7401C9BD69A0091400C /* main.m */; };
		8804C7441C9BD69A0091400C /* AppDelegate.m in Sources */ = {isa = PBXBuildFile; fileRef = 8804C7431C9BD69A0091400C /* AppDelegate.m */; };
		8804C7471C9BD69A0091400C /* ViewController.m in Sources */ = {isa = PBXBuildFile; fileRef = 8804C7461C9BD69A0091400C /* ViewController.m */; };
		8804C74A1C9BD69A0091400C /* Main.storyboard in Resources */ = {isa = PBXBuildFile; fileRef = 8804C7481C9BD69A0091400C /* Main.storyboard */; };
		8804C74C1C9BD69A0091400C /* Assets.xcassets in Resources */ = {isa = PBXBuildFile; fileRef = 8804C74B1C9BD69A0091400C /* Assets.xcassets */; };
		8804C74F1C9BD69A0091400C /* LaunchScreen.storyboard in Resources */ = {isa = PBXBuildFile; fileRef = 8804C74D1C9BD69A0091400C /* LaunchScreen.storyboard */; };
		882273BD1CD88DA600301839 /* SystemConfiguration.framework in Frameworks */ = {isa = PBXBuildFile; fileRef = 882273BC1CD88DA600301839 /* SystemConfiguration.framework */; };
		882273BF1CD88DC700301839 /* libz.tbd in Frameworks */ = {isa = PBXBuildFile; fileRef = 882273BE1CD88DC700301839 /* libz.tbd */; };
		882273C11CD88DE000301839 /* CoreTelephony.framework in Frameworks */ = {isa = PBXBuildFile; fileRef = 882273C01CD88DE000301839 /* CoreTelephony.framework */; };
/* End PBXBuildFile section */

/* Begin PBXCopyFilesBuildPhase section */
		8804C7D81C9C0BB00091400C /* Embed PlugIns */ = {
			isa = PBXCopyFilesBuildPhase;
			buildActionMask = 2147483647;
			dstPath = "";
			dstSubfolderSpec = 13;
			files = (
			);
			name = "Embed PlugIns";
			runOnlyForDeploymentPostprocessing = 0;
		};
		88A53A691CB5177B00CFA73F /* Embed Frameworks */ = {
			isa = PBXCopyFilesBuildPhase;
			buildActionMask = 12;
			dstPath = "";
			dstSubfolderSpec = 10;
			files = (
				1D429131244EE39300CA38C5 /* FBSDKLoginKit.framework in Embed Frameworks */,
				1D42912F244EE39000CA38C5 /* FBSDKCoreKit.framework in Embed Frameworks */,
				1D429133244EE39400CA38C5 /* FBSDKShareKit.framework in Embed Frameworks */,
			);
			name = "Embed Frameworks";
			runOnlyForDeploymentPostprocessing = 0;
		};
/* End PBXCopyFilesBuildPhase section */

/* Begin PBXFileReference section */
		0415B1AE1EA0B3FD007C6863 /* libsqlite3.0.tbd */ = {isa = PBXFileReference; lastKnownFileType = "sourcecode.text-based-dylib-definition"; name = libsqlite3.0.tbd; path = usr/lib/libsqlite3.0.tbd; sourceTree = SDKROOT; };
		0415B1B01EA0B42A007C6863 /* StoreKit.framework */ = {isa = PBXFileReference; lastKnownFileType = wrapper.framework; name = StoreKit.framework; path = System/Library/Frameworks/StoreKit.framework; sourceTree = SDKROOT; };
		0415B1B21EA0B452007C6863 /* SafariServices.framework */ = {isa = PBXFileReference; lastKnownFileType = wrapper.framework; name = SafariServices.framework; path = System/Library/Frameworks/SafariServices.framework; sourceTree = SDKROOT; };
		0415B1B41EA0B47A007C6863 /* CFNetwork.framework */ = {isa = PBXFileReference; lastKnownFileType = wrapper.framework; name = CFNetwork.framework; path = System/Library/Frameworks/CFNetwork.framework; sourceTree = SDKROOT; };
		0415B1B61EA0B4B0007C6863 /* libsqlite3.tbd */ = {isa = PBXFileReference; lastKnownFileType = "sourcecode.text-based-dylib-definition"; name = libsqlite3.tbd; path = usr/lib/libsqlite3.tbd; sourceTree = SDKROOT; };
		0415B1B81EA0B5C6007C6863 /* CoreData.framework */ = {isa = PBXFileReference; lastKnownFileType = wrapper.framework; name = CoreData.framework; path = System/Library/Frameworks/CoreData.framework; sourceTree = SDKROOT; };
		0415B1BA1EA0B5EE007C6863 /* AdSupport.framework */ = {isa = PBXFileReference; lastKnownFileType = wrapper.framework; name = AdSupport.framework; path = System/Library/Frameworks/AdSupport.framework; sourceTree = SDKROOT; };
		0443EB051EA6174200E64D3D /* MOSDKDemo.entitlements */ = {isa = PBXFileReference; lastKnownFileType = text.plist.entitlements; path = MOSDKDemo.entitlements; sourceTree = "<group>"; };
		1D0CA5361FB3020E00383825 /* MapKit.framework */ = {isa = PBXFileReference; lastKnownFileType = wrapper.framework; name = MapKit.framework; path = System/Library/Frameworks/MapKit.framework; sourceTree = SDKROOT; };
		1D0CA5381FB3021B00383825 /* WebKit.framework */ = {isa = PBXFileReference; lastKnownFileType = wrapper.framework; name = WebKit.framework; path = System/Library/Frameworks/WebKit.framework; sourceTree = SDKROOT; };
		1D0CA53A1FB3022800383825 /* AVFoundation.framework */ = {isa = PBXFileReference; lastKnownFileType = wrapper.framework; name = AVFoundation.framework; path = System/Library/Frameworks/AVFoundation.framework; sourceTree = SDKROOT; };
		1D0CA53C1FB3023400383825 /* AudioToolbox.framework */ = {isa = PBXFileReference; lastKnownFileType = wrapper.framework; name = AudioToolbox.framework; path = System/Library/Frameworks/AudioToolbox.framework; sourceTree = SDKROOT; };
		1D0CA53E1FB3023F00383825 /* MobileCoreServices.framework */ = {isa = PBXFileReference; lastKnownFileType = wrapper.framework; name = MobileCoreServices.framework; path = System/Library/Frameworks/MobileCoreServices.framework; sourceTree = SDKROOT; };
		1D0CA5401FB3025300383825 /* AssetsLibrary.framework */ = {isa = PBXFileReference; lastKnownFileType = wrapper.framework; name = AssetsLibrary.framework; path = System/Library/Frameworks/AssetsLibrary.framework; sourceTree = SDKROOT; };
		1D0CA5421FB3026B00383825 /* libicucore.tbd */ = {isa = PBXFileReference; lastKnownFileType = "sourcecode.text-based-dylib-definition"; name = libicucore.tbd; path = usr/lib/libicucore.tbd; sourceTree = SDKROOT; };
		1D0CA5441FB3027C00383825 /* libc++.tbd */ = {isa = PBXFileReference; lastKnownFileType = "sourcecode.text-based-dylib-definition"; name = "libc++.tbd"; path = "usr/lib/libc++.tbd"; sourceTree = SDKROOT; };
		1D0CA5621FB30AE800383825 /* ImageIO.framework */ = {isa = PBXFileReference; lastKnownFileType = wrapper.framework; name = ImageIO.framework; path = System/Library/Frameworks/ImageIO.framework; sourceTree = SDKROOT; };
		1D429125244EE37E00CA38C5 /* FBSDKCoreKit.framework */ = {isa = PBXFileReference; lastKnownFileType = wrapper.framework; name = FBSDKCoreKit.framework; path = Frameworks/FBSDKCoreKit.framework; sourceTree = "<group>"; };
		1D429126244EE37E00CA38C5 /* FBSDKLoginKit.framework */ = {isa = PBXFileReference; lastKnownFileType = wrapper.framework; name = FBSDKLoginKit.framework; path = Frameworks/FBSDKLoginKit.framework; sourceTree = "<group>"; };
		1D429127244EE37E00CA38C5 /* FBSDKShareKit.framework */ = {isa = PBXFileReference; lastKnownFileType = wrapper.framework; name = FBSDKShareKit.framework; path = Frameworks/FBSDKShareKit.framework; sourceTree = "<group>"; };
		1D61959B20F87CC000A63ED2 /* iAd.framework */ = {isa = PBXFileReference; lastKnownFileType = wrapper.framework; name = iAd.framework; path = System/Library/Frameworks/iAd.framework; sourceTree = SDKROOT; };
		1D9098452492013D00681F05 /* hysdk.framework */ = {isa = PBXFileReference; lastKnownFileType = wrapper.framework; name = hysdk.framework; path = Frameworks/hysdk.framework; sourceTree = "<group>"; };
		1D9098472492021000681F05 /* AVKit.framework */ = {isa = PBXFileReference; lastKnownFileType = wrapper.framework; name = AVKit.framework; path = System/Library/Frameworks/AVKit.framework; sourceTree = SDKROOT; };
		1D9098492492021B00681F05 /* MediaPlayer.framework */ = {isa = PBXFileReference; lastKnownFileType = wrapper.framework; name = MediaPlayer.framework; path = System/Library/Frameworks/MediaPlayer.framework; sourceTree = SDKROOT; };
		1D90984B2492022500681F05 /* CoreMedia.framework */ = {isa = PBXFileReference; lastKnownFileType = wrapper.framework; name = CoreMedia.framework; path = System/Library/Frameworks/CoreMedia.framework; sourceTree = SDKROOT; };
		1D90984D2492023100681F05 /* QuartzCore.framework */ = {isa = PBXFileReference; lastKnownFileType = wrapper.framework; name = QuartzCore.framework; path = System/Library/Frameworks/QuartzCore.framework; sourceTree = SDKROOT; };
		1D90984F2492023C00681F05 /* ReplayKit.framework */ = {isa = PBXFileReference; lastKnownFileType = wrapper.framework; name = ReplayKit.framework; path = System/Library/Frameworks/ReplayKit.framework; sourceTree = SDKROOT; };
		1D90985124920A6B00681F05 /* NaverCafeSDK.bundle */ = {isa = PBXFileReference; lastKnownFileType = "wrapper.plug-in"; name = NaverCafeSDK.bundle; path = Frameworks/NaverCafeSDK.bundle; sourceTree = "<group>"; };
		8804C73C1C9BD69A0091400C /* MOSDKDemo.app */ = {isa = PBXFileReference; explicitFileType = wrapper.application; includeInIndex = 0; path = MOSDKDemo.app; sourceTree = BUILT_PRODUCTS_DIR; };
		8804C7401C9BD69A0091400C /* main.m */ = {isa = PBXFileReference; lastKnownFileType = sourcecode.c.objc; path = main.m; sourceTree = "<group>"; };
		8804C7421C9BD69A0091400C /* AppDelegate.h */ = {isa = PBXFileReference; lastKnownFileType = sourcecode.c.h; path = AppDelegate.h; sourceTree = "<group>"; };
		8804C7431C9BD69A0091400C /* AppDelegate.m */ = {isa = PBXFileReference; lastKnownFileType = sourcecode.c.objc; path = AppDelegate.m; sourceTree = "<group>"; };
		8804C7451C9BD69A0091400C /* ViewController.h */ = {isa = PBXFileReference; lastKnownFileType = sourcecode.c.h; path = ViewController.h; sourceTree = "<group>"; };
		8804C7461C9BD69A0091400C /* ViewController.m */ = {isa = PBXFileReference; lastKnownFileType = sourcecode.c.objc; path = ViewController.m; sourceTree = "<group>"; };
		8804C7491C9BD69A0091400C /* Base */ = {isa = PBXFileReference; lastKnownFileType = file.storyboard; name = Base; path = Base.lproj/Main.storyboard; sourceTree = "<group>"; };
		8804C74B1C9BD69A0091400C /* Assets.xcassets */ = {isa = PBXFileReference; lastKnownFileType = folder.assetcatalog; path = Assets.xcassets; sourceTree = "<group>"; };
		8804C74E1C9BD69A0091400C /* Base */ = {isa = PBXFileReference; lastKnownFileType = file.storyboard; name = Base; path = Base.lproj/LaunchScreen.storyboard; sourceTree = "<group>"; };
		8804C7501C9BD69A0091400C /* Info.plist */ = {isa = PBXFileReference; lastKnownFileType = text.plist.xml; path = Info.plist; sourceTree = "<group>"; };
		882273BC1CD88DA600301839 /* SystemConfiguration.framework */ = {isa = PBXFileReference; lastKnownFileType = wrapper.framework; name = SystemConfiguration.framework; path = System/Library/Frameworks/SystemConfiguration.framework; sourceTree = SDKROOT; };
		882273BE1CD88DC700301839 /* libz.tbd */ = {isa = PBXFileReference; lastKnownFileType = "sourcecode.text-based-dylib-definition"; name = libz.tbd; path = usr/lib/libz.tbd; sourceTree = SDKROOT; };
		882273C01CD88DE000301839 /* CoreTelephony.framework */ = {isa = PBXFileReference; lastKnownFileType = wrapper.framework; name = CoreTelephony.framework; path = System/Library/Frameworks/CoreTelephony.framework; sourceTree = SDKROOT; };
		882273C21CD88E0600301839 /* Partytrack.framework */ = {isa = PBXFileReference; lastKnownFileType = wrapper.framework; name = Partytrack.framework; path = Frameworks/Partytrack.framework; sourceTree = "<group>"; };
		88595FDD1CA98D7D007846AD /* zh-Hans */ = {isa = PBXFileReference; lastKnownFileType = text.plist.strings; name = "zh-Hans"; path = "zh-Hans.lproj/Main.strings"; sourceTree = "<group>"; };
		88595FDE1CA98D7D007846AD /* zh-Hans */ = {isa = PBXFileReference; lastKnownFileType = text.plist.strings; name = "zh-Hans"; path = "zh-Hans.lproj/LaunchScreen.strings"; sourceTree = "<group>"; };
		88595FDF1CA98D83007846AD /* zh-Hant */ = {isa = PBXFileReference; lastKnownFileType = text.plist.strings; name = "zh-Hant"; path = "zh-Hant.lproj/Main.strings"; sourceTree = "<group>"; };
		88595FE01CA98D83007846AD /* zh-Hant */ = {isa = PBXFileReference; lastKnownFileType = text.plist.strings; name = "zh-Hant"; path = "zh-Hant.lproj/LaunchScreen.strings"; sourceTree = "<group>"; };
/* End PBXFileReference section */

/* Begin PBXFrameworksBuildPhase section */
		8804C7391C9BD69A0091400C /* Frameworks */ = {
			isa = PBXFrameworksBuildPhase;
			buildActionMask = 2147483647;
			files = (
				1D9098502492023C00681F05 /* ReplayKit.framework in Frameworks */,
				1D90984E2492023100681F05 /* QuartzCore.framework in Frameworks */,
				1D90984C2492022500681F05 /* CoreMedia.framework in Frameworks */,
				1D90984A2492021B00681F05 /* MediaPlayer.framework in Frameworks */,
				1D9098482492021100681F05 /* AVKit.framework in Frameworks */,
				1D9098462492013D00681F05 /* hysdk.framework in Frameworks */,
				1D61959C20F87CC000A63ED2 /* iAd.framework in Frameworks */,
				1D0CA5631FB30AE800383825 /* ImageIO.framework in Frameworks */,
				1D0CA5451FB3027C00383825 /* libc++.tbd in Frameworks */,
				1D0CA5431FB3026B00383825 /* libicucore.tbd in Frameworks */,
				882273BF1CD88DC700301839 /* libz.tbd in Frameworks */,
				1D0CA5411FB3025300383825 /* AssetsLibrary.framework in Frameworks */,
				0415B1B91EA0B5C6007C6863 /* CoreData.framework in Frameworks */,
				1D0CA53F1FB3023F00383825 /* MobileCoreServices.framework in Frameworks */,
				1D429132244EE39400CA38C5 /* FBSDKShareKit.framework in Frameworks */,
				1D0CA53D1FB3023400383825 /* AudioToolbox.framework in Frameworks */,
				1D0CA53B1FB3022800383825 /* AVFoundation.framework in Frameworks */,
				1D0CA5391FB3021B00383825 /* WebKit.framework in Frameworks */,
				1D42912E244EE39000CA38C5 /* FBSDKCoreKit.framework in Frameworks */,
				1D0CA5371FB3020E00383825 /* MapKit.framework in Frameworks */,
				1D429130244EE39300CA38C5 /* FBSDKLoginKit.framework in Frameworks */,
				882273BD1CD88DA600301839 /* SystemConfiguration.framework in Frameworks */,
				882273C11CD88DE000301839 /* CoreTelephony.framework in Frameworks */,
				0415B1BB1EA0B5EE007C6863 /* AdSupport.framework in Frameworks */,
				0415B1B71EA0B4B0007C6863 /* libsqlite3.tbd in Frameworks */,
				0415B1B51EA0B47A007C6863 /* CFNetwork.framework in Frameworks */,
				0415B1B31EA0B452007C6863 /* SafariServices.framework in Frameworks */,
				0415B1B11EA0B42A007C6863 /* StoreKit.framework in Frameworks */,
			);
			runOnlyForDeploymentPostprocessing = 0;
		};
/* End PBXFrameworksBuildPhase section */

/* Begin PBXGroup section */
		8804C7331C9BD69A0091400C = {
			isa = PBXGroup;
			children = (
				880893DF1CAE5A0C0006E600 /* Frameworks */,
				8804C73E1C9BD69A0091400C /* MOSDKDemo */,
				8804C73D1C9BD69A0091400C /* Products */,
			);
			sourceTree = "<group>";
		};
		8804C73D1C9BD69A0091400C /* Products */ = {
			isa = PBXGroup;
			children = (
				8804C73C1C9BD69A0091400C /* MOSDKDemo.app */,
			);
			name = Products;
			sourceTree = "<group>";
		};
		8804C73E1C9BD69A0091400C /* MOSDKDemo */ = {
			isa = PBXGroup;
			children = (
				0443EB051EA6174200E64D3D /* MOSDKDemo.entitlements */,
				8804C7421C9BD69A0091400C /* AppDelegate.h */,
				8804C7431C9BD69A0091400C /* AppDelegate.m */,
				8804C7451C9BD69A0091400C /* ViewController.h */,
				8804C7461C9BD69A0091400C /* ViewController.m */,
				8804C7481C9BD69A0091400C /* Main.storyboard */,
				8804C74B1C9BD69A0091400C /* Assets.xcassets */,
				8804C74D1C9BD69A0091400C /* LaunchScreen.storyboard */,
				8804C7501C9BD69A0091400C /* Info.plist */,
				8804C73F1C9BD69A0091400C /* Supporting Files */,
			);
			path = MOSDKDemo;
			sourceTree = "<group>";
		};
		8804C73F1C9BD69A0091400C /* Supporting Files */ = {
			isa = PBXGroup;
			children = (
				8804C7401C9BD69A0091400C /* main.m */,
			);
			name = "Supporting Files";
			sourceTree = "<group>";
		};
		880893DF1CAE5A0C0006E600 /* Frameworks */ = {
			isa = PBXGroup;
			children = (
				1D90985124920A6B00681F05 /* NaverCafeSDK.bundle */,
				1D90984F2492023C00681F05 /* ReplayKit.framework */,
				1D90984D2492023100681F05 /* QuartzCore.framework */,
				1D90984B2492022500681F05 /* CoreMedia.framework */,
				1D9098492492021B00681F05 /* MediaPlayer.framework */,
				1D9098472492021000681F05 /* AVKit.framework */,
				1D9098452492013D00681F05 /* hysdk.framework */,
				1D429125244EE37E00CA38C5 /* FBSDKCoreKit.framework */,
				1D429126244EE37E00CA38C5 /* FBSDKLoginKit.framework */,
				1D429127244EE37E00CA38C5 /* FBSDKShareKit.framework */,
				1D61959B20F87CC000A63ED2 /* iAd.framework */,
				1D0CA5621FB30AE800383825 /* ImageIO.framework */,
				1D0CA5441FB3027C00383825 /* libc++.tbd */,
				1D0CA5421FB3026B00383825 /* libicucore.tbd */,
				1D0CA5401FB3025300383825 /* AssetsLibrary.framework */,
				1D0CA53E1FB3023F00383825 /* MobileCoreServices.framework */,
				1D0CA53C1FB3023400383825 /* AudioToolbox.framework */,
				1D0CA53A1FB3022800383825 /* AVFoundation.framework */,
				1D0CA5381FB3021B00383825 /* WebKit.framework */,
				1D0CA5361FB3020E00383825 /* MapKit.framework */,
				882273C21CD88E0600301839 /* Partytrack.framework */,
				0415B1BA1EA0B5EE007C6863 /* AdSupport.framework */,
				0415B1B81EA0B5C6007C6863 /* CoreData.framework */,
				0415B1B61EA0B4B0007C6863 /* libsqlite3.tbd */,
				0415B1B41EA0B47A007C6863 /* CFNetwork.framework */,
				0415B1B21EA0B452007C6863 /* SafariServices.framework */,
				0415B1B01EA0B42A007C6863 /* StoreKit.framework */,
				0415B1AE1EA0B3FD007C6863 /* libsqlite3.0.tbd */,
				882273C01CD88DE000301839 /* CoreTelephony.framework */,
				882273BE1CD88DC700301839 /* libz.tbd */,
				882273BC1CD88DA600301839 /* SystemConfiguration.framework */,
			);
			name = Frameworks;
			sourceTree = "<group>";
		};
/* End PBXGroup section */

/* Begin PBXNativeTarget section */
		8804C73B1C9BD69A0091400C /* MOSDKDemo */ = {
			isa = PBXNativeTarget;
			buildConfigurationList = 8804C7531C9BD69A0091400C /* Build configuration list for PBXNativeTarget "MOSDKDemo" */;
			buildPhases = (
				8804C7381C9BD69A0091400C /* Sources */,
				8804C7391C9BD69A0091400C /* Frameworks */,
				8804C73A1C9BD69A0091400C /* Resources */,
				8804C7D81C9C0BB00091400C /* Embed PlugIns */,
				88A53A691CB5177B00CFA73F /* Embed Frameworks */,
			);
			buildRules = (
			);
			dependencies = (
			);
			name = MOSDKDemo;
			productName = MOSDKDemo;
			productReference = 8804C73C1C9BD69A0091400C /* MOSDKDemo.app */;
			productType = "com.apple.product-type.application";
		};
/* End PBXNativeTarget section */

/* Begin PBXProject section */
		8804C7341C9BD69A0091400C /* Project object */ = {
			isa = PBXProject;
			attributes = {
				LastUpgradeCheck = 1000;
				ORGANIZATIONNAME = Morlia;
				TargetAttributes = {
					8804C73B1C9BD69A0091400C = {
						CreatedOnToolsVersion = 7.2.1;
						DevelopmentTeam = XRM22S9M76;
						ProvisioningStyle = Manual;
						SystemCapabilities = {
							com.apple.Keychain = {
								enabled = 1;
							};
						};
					};
				};
			};
			buildConfigurationList = 8804C7371C9BD69A0091400C /* Build configuration list for PBXProject "MOSDKDemo" */;
			compatibilityVersion = "Xcode 11.4";
			developmentRegion = en;
			hasScannedForEncodings = 0;
			knownRegions = (
				en,
				Base,
				ar,
				bg,
				bn,
				ca,
				cs,
				da,
				de,
				el,
				es,
				fa,
				fi,
				fr,
				gu,
				he,
				hi,
				hr,
				hu,
				id,
				it,
				ja,
				kn,
				ko,
				lv,
				ml,
				mr,
				ms,
				"nb-NO",
				nb,
				nl,
				pa,
				pl,
				pt,
				ro,
				ru,
				sk,
				sl,
				sv,
				ta,
				te,
				th,
				tr,
				uk,
				vi,
				"zh-Hans-SG",
				"zh-Hans",
				"zh-Hant-HK",
				"zh-Hant",
				"zh-Hk",
				"zh-Sg",
			);
			mainGroup = 8804C7331C9BD69A0091400C;
			productRefGroup = 8804C73D1C9BD69A0091400C /* Products */;
			projectDirPath = "";
			projectRoot = "";
			targets = (
				8804C73B1C9BD69A0091400C /* MOSDKDemo */,
			);
		};
/* End PBXProject section */

/* Begin PBXResourcesBuildPhase section */
		8804C73A1C9BD69A0091400C /* Resources */ = {
			isa = PBXResourcesBuildPhase;
			buildActionMask = 2147483647;
			files = (
				1D90985224920A6B00681F05 /* NaverCafeSDK.bundle in Resources */,
				8804C74F1C9BD69A0091400C /* LaunchScreen.storyboard in Resources */,
				8804C74C1C9BD69A0091400C /* Assets.xcassets in Resources */,
				8804C74A1C9BD69A0091400C /* Main.storyboard in Resources */,
			);
			runOnlyForDeploymentPostprocessing = 0;
		};
/* End PBXResourcesBuildPhase section */

/* Begin PBXSourcesBuildPhase section */
		8804C7381C9BD69A0091400C /* Sources */ = {
			isa = PBXSourcesBuildPhase;
			buildActionMask = 2147483647;
			files = (
				8804C7471C9BD69A0091400C /* ViewController.m in Sources */,
				8804C7441C9BD69A0091400C /* AppDelegate.m in Sources */,
				8804C7411C9BD69A0091400C /* main.m in Sources */,
			);
			runOnlyForDeploymentPostprocessing = 0;
		};
/* End PBXSourcesBuildPhase section */

/* Begin PBXVariantGroup section */
		8804C7481C9BD69A0091400C /* Main.storyboard */ = {
			isa = PBXVariantGroup;
			children = (
				8804C7491C9BD69A0091400C /* Base */,
				88595FDD1CA98D7D007846AD /* zh-Hans */,
				88595FDF1CA98D83007846AD /* zh-Hant */,
			);
			name = Main.storyboard;
			sourceTree = "<group>";
		};
		8804C74D1C9BD69A0091400C /* LaunchScreen.storyboard */ = {
			isa = PBXVariantGroup;
			children = (
				8804C74E1C9BD69A0091400C /* Base */,
				88595FDE1CA98D7D007846AD /* zh-Hans */,
				88595FE01CA98D83007846AD /* zh-Hant */,
			);
			name = LaunchScreen.storyboard;
			sourceTree = "<group>";
		};
/* End PBXVariantGroup section */

/* Begin XCBuildConfiguration section */
		8804C7511C9BD69A0091400C /* Debug */ = {
			isa = XCBuildConfiguration;
			buildSettings = {
				ALWAYS_SEARCH_USER_PATHS = NO;
				CLANG_ANALYZER_LOCALIZABILITY_NONLOCALIZED = YES;
				CLANG_CXX_LANGUAGE_STANDARD = "gnu++0x";
				CLANG_CXX_LIBRARY = "libc++";
				CLANG_ENABLE_MODULES = YES;
				CLANG_ENABLE_OBJC_ARC = YES;
				CLANG_WARN_BLOCK_CAPTURE_AUTORELEASING = YES;
				CLANG_WARN_BOOL_CONVERSION = YES;
				CLANG_WARN_COMMA = YES;
				CLANG_WARN_CONSTANT_CONVERSION = YES;
				CLANG_WARN_DEPRECATED_OBJC_IMPLEMENTATIONS = YES;
				CLANG_WARN_DIRECT_OBJC_ISA_USAGE = YES_ERROR;
				CLANG_WARN_EMPTY_BODY = YES;
				CLANG_WARN_ENUM_CONVERSION = YES;
				CLANG_WARN_INFINITE_RECURSION = YES;
				CLANG_WARN_INT_CONVERSION = YES;
				CLANG_WARN_NON_LITERAL_NULL_CONVERSION = YES;
				CLANG_WARN_OBJC_IMPLICIT_RETAIN_SELF = YES;
				CLANG_WARN_OBJC_LITERAL_CONVERSION = YES;
				CLANG_WARN_OBJC_ROOT_CLASS = YES_ERROR;
				CLANG_WARN_RANGE_LOOP_ANALYSIS = YES;
				CLANG_WARN_STRICT_PROTOTYPES = YES;
				CLANG_WARN_SUSPICIOUS_MOVE = YES;
				CLANG_WARN_UNREACHABLE_CODE = YES;
				CLANG_WARN__DUPLICATE_METHOD_MATCH = YES;
				"CODE_SIGN_IDENTITY[sdk=iphoneos*]" = "iPhone Developer";
				COPY_PHASE_STRIP = NO;
				DEBUG_INFORMATION_FORMAT = dwarf;
				ENABLE_STRICT_OBJC_MSGSEND = YES;
				ENABLE_TESTABILITY = YES;
				GCC_C_LANGUAGE_STANDARD = gnu99;
				GCC_DYNAMIC_NO_PIC = NO;
				GCC_NO_COMMON_BLOCKS = YES;
				GCC_OPTIMIZATION_LEVEL = 0;
				GCC_PREPROCESSOR_DEFINITIONS = (
					"DEBUG=1",
					"$(inherited)",
				);
				GCC_WARN_64_TO_32_BIT_CONVERSION = YES;
				GCC_WARN_ABOUT_RETURN_TYPE = YES_ERROR;
				GCC_WARN_UNDECLARED_SELECTOR = YES;
				GCC_WARN_UNINITIALIZED_AUTOS = YES_AGGRESSIVE;
				GCC_WARN_UNUSED_FUNCTION = YES;
				GCC_WARN_UNUSED_VARIABLE = YES;
				IPHONEOS_DEPLOYMENT_TARGET = 10.0;
				MTL_ENABLE_DEBUG_INFO = YES;
				ONLY_ACTIVE_ARCH = YES;
				SDKROOT = iphoneos;
				TARGETED_DEVICE_FAMILY = "1,2";
			};
			name = Debug;
		};
		8804C7521C9BD69A0091400C /* Release */ = {
			isa = XCBuildConfiguration;
			buildSettings = {
				ALWAYS_SEARCH_USER_PATHS = NO;
				CLANG_ANALYZER_LOCALIZABILITY_NONLOCALIZED = YES;
				CLANG_CXX_LANGUAGE_STANDARD = "gnu++0x";
				CLANG_CXX_LIBRARY = "libc++";
				CLANG_ENABLE_MODULES = YES;
				CLANG_ENABLE_OBJC_ARC = YES;
				CLANG_WARN_BLOCK_CAPTURE_AUTORELEASING = YES;
				CLANG_WARN_BOOL_CONVERSION = YES;
				CLANG_WARN_COMMA = YES;
				CLANG_WARN_CONSTANT_CONVERSION = YES;
				CLANG_WARN_DEPRECATED_OBJC_IMPLEMENTATIONS = YES;
				CLANG_WARN_DIRECT_OBJC_ISA_USAGE = YES_ERROR;
				CLANG_WARN_EMPTY_BODY = YES;
				CLANG_WARN_ENUM_CONVERSION = YES;
				CLANG_WARN_INFINITE_RECURSION = YES;
				CLANG_WARN_INT_CONVERSION = YES;
				CLANG_WARN_NON_LITERAL_NULL_CONVERSION = YES;
				CLANG_WARN_OBJC_IMPLICIT_RETAIN_SELF = YES;
				CLANG_WARN_OBJC_LITERAL_CONVERSION = YES;
				CLANG_WARN_OBJC_ROOT_CLASS = YES_ERROR;
				CLANG_WARN_RANGE_LOOP_ANALYSIS = YES;
				CLANG_WARN_STRICT_PROTOTYPES = YES;
				CLANG_WARN_SUSPICIOUS_MOVE = YES;
				CLANG_WARN_UNREACHABLE_CODE = YES;
				CLANG_WARN__DUPLICATE_METHOD_MATCH = YES;
				"CODE_SIGN_IDENTITY[sdk=iphoneos*]" = "iPhone Developer";
				COPY_PHASE_STRIP = NO;
				DEBUG_INFORMATION_FORMAT = "dwarf-with-dsym";
				ENABLE_NS_ASSERTIONS = NO;
				ENABLE_STRICT_OBJC_MSGSEND = YES;
				GCC_C_LANGUAGE_STANDARD = gnu99;
				GCC_NO_COMMON_BLOCKS = YES;
				GCC_WARN_64_TO_32_BIT_CONVERSION = YES;
				GCC_WARN_ABOUT_RETURN_TYPE = YES_ERROR;
				GCC_WARN_UNDECLARED_SELECTOR = YES;
				GCC_WARN_UNINITIALIZED_AUTOS = YES_AGGRESSIVE;
				GCC_WARN_UNUSED_FUNCTION = YES;
				GCC_WARN_UNUSED_VARIABLE = YES;
				IPHONEOS_DEPLOYMENT_TARGET = 10.0;
				MTL_ENABLE_DEBUG_INFO = NO;
				SDKROOT = iphoneos;
				TARGETED_DEVICE_FAMILY = "1,2";
				VALIDATE_PRODUCT = YES;
			};
			name = Release;
		};
		8804C7541C9BD69A0091400C /* Debug */ = {
			isa = XCBuildConfiguration;
			buildSettings = {
				ASSETCATALOG_COMPILER_APPICON_NAME = AppIcon;
				CLANG_CXX_LIBRARY = "libc++";
				CODE_SIGN_ENTITLEMENTS = MOSDKDemo/MOSDKDemo.entitlements;
				CODE_SIGN_IDENTITY = "iPhone Distribution";
				"CODE_SIGN_IDENTITY[sdk=iphoneos*]" = "iPhone Developer";
				CODE_SIGN_STYLE = Manual;
				DEVELOPMENT_TEAM = Z6D9SB6G5G;
				ENABLE_BITCODE = NO;
				FRAMEWORK_SEARCH_PATHS = (
					"$(inherited)",
					"$(PROJECT_DIR)/Frameworks",
					"$(PROJECT_DIR)",
				);
				INFOPLIST_FILE = MOSDKDemo/Info.plist;
				IPHONEOS_DEPLOYMENT_TARGET = 10.0;
				LD_RUNPATH_SEARCH_PATHS = (
					"$(inherited)",
					"@executable_path/Frameworks",
				);
				LIBRARY_SEARCH_PATHS = (
					"$(inherited)",
					"$(PROJECT_DIR)/Frameworks",
				);
				ONLY_ACTIVE_ARCH = NO;
				OTHER_LDFLAGS = "-ObjC";
				PRODUCT_BUNDLE_IDENTIFIER = com.wowyo.readanc;
				PRODUCT_NAME = "$(TARGET_NAME)";
				PROVISIONING_PROFILE = "e974c59f-85d5-437e-ac18-b04b0da97d10";
				PROVISIONING_PROFILE_SPECIFIER = sesd_dev;
				VALID_ARCHS = "arm64 armv7s armv7 i386";
			};
			name = Debug;
		};
		8804C7551C9BD69A0091400C /* Release */ = {
			isa = XCBuildConfiguration;
			buildSettings = {
				ASSETCATALOG_COMPILER_APPICON_NAME = AppIcon;
				CLANG_CXX_LIBRARY = "libc++";
				CODE_SIGN_ENTITLEMENTS = MOSDKDemo/MOSDKDemo.entitlements;
				CODE_SIGN_IDENTITY = "iPhone Developer";
				"CODE_SIGN_IDENTITY[sdk=iphoneos*]" = "iPhone Distribution";
				CODE_SIGN_STYLE = Manual;
				DEVELOPMENT_TEAM = Z6D9SB6G5G;
				ENABLE_BITCODE = NO;
				FRAMEWORK_SEARCH_PATHS = (
					"$(inherited)",
					"$(PROJECT_DIR)/Frameworks",
					"$(PROJECT_DIR)",
				);
				INFOPLIST_FILE = MOSDKDemo/Info.plist;
				IPHONEOS_DEPLOYMENT_TARGET = 10.0;
				LD_RUNPATH_SEARCH_PATHS = (
					"$(inherited)",
					"@executable_path/Frameworks",
				);
				LIBRARY_SEARCH_PATHS = (
					"$(inherited)",
					"$(PROJECT_DIR)/Frameworks",
				);
				OTHER_LDFLAGS = "-ObjC";
				PRODUCT_BUNDLE_IDENTIFIER = com.wowyo.readanc;
				PRODUCT_NAME = "$(TARGET_NAME)";
				PROVISIONING_PROFILE = "fbcab873-b03c-41e1-aeb1-61d2b6b09d7b";
				PROVISIONING_PROFILE_SPECIFIER = sesd_dis;
				VALID_ARCHS = "arm64 armv7s armv7 i386";
			};
			name = Release;
		};
/* End XCBuildConfiguration section */

/* Begin XCConfigurationList section */
		8804C7371C9BD69A0091400C /* Build configuration list for PBXProject "MOSDKDemo" */ = {
			isa = XCConfigurationList;
			buildConfigurations = (
				8804C7511C9BD69A0091400C /* Debug */,
				8804C7521C9BD69A0091400C /* Release */,
			);
			defaultConfigurationIsVisible = 0;
			defaultConfigurationName = Release;
		};
		8804C7531C9BD69A0091400C /* Build configuration list for PBXNativeTarget "MOSDKDemo" */ = {
			isa = XCConfigurationList;
			buildConfigurations = (
				8804C7541C9BD69A0091400C /* Debug */,
				8804C7551C9BD69A0091400C /* Release */,
			);
			defaultConfigurationIsVisible = 0;
			defaultConfigurationName = Release;
		};
/* End XCConfigurationList section */
	};
	rootObject = 8804C7341C9BD69A0091400C /* Project object */;
}
