// !$*UTF8*$!
{
	archiveVersion = 1;
	classes = {
	};
	objectVersion = 46;
	objects = {

/* Begin PBXBuildFile section */
		0415B1B11EA0B42A007C6863 /* StoreKit.framework in Frameworks */ = {isa = PBXBuildFile; fileRef = 0415B1B01EA0B42A007C6863 /* StoreKit.framework */; };
		0415B1B31EA0B452007C6863 /* SafariServices.framework in Frameworks */ = {isa = PBXBuildFile; fileRef = 0415B1B21EA0B452007C6863 /* SafariServices.framework */; };
		0415B1B51EA0B47A007C6863 /* CFNetwork.framework in Frameworks */ = {isa = PBXBuildFile; fileRef = 0415B1B41EA0B47A007C6863 /* CFNetwork.framework */; };
		0415B1B71EA0B4B0007C6863 /* libsqlite3.tbd in Frameworks */ = {isa = PBXBuildFile; fileRef = 0415B1B61EA0B4B0007C6863 /* libsqlite3.tbd */; };
		0415B1B91EA0B5C6007C6863 /* CoreData.framework in Frameworks */ = {isa = PBXBuildFile; fileRef = 0415B1B81EA0B5C6007C6863 /* CoreData.framework */; };
		0415B1BB1EA0B5EE007C6863 /* AdSupport.framework in Frameworks */ = {isa = PBXBuildFile; fileRef = 0415B1BA1EA0B5EE007C6863 /* AdSupport.framework */; settings = {ATTRIBUTES = (Weak, ); }; };
		1D0CA5371FB3020E00383825 /* MapKit.framework in Frameworks */ = {isa = PBXBuildFile; fileRef = 1D0CA5361FB3020E00383825 /* MapKit.framework */; };
		1D0CA5391FB3021B00383825 /* WebKit.framework in Frameworks */ = {isa = PBXBuildFile; fileRef = 1D0CA5381FB3021B00383825 /* WebKit.framework */; };
		1D0CA53B1FB3022800383825 /* AVFoundation.framework in Frameworks */ = {isa = PBXBuildFile; fileRef = 1D0CA53A1FB3022800383825 /* AVFoundation.framework */; };
		1D0CA53D1FB3023400383825 /* AudioToolbox.framework in Frameworks */ = {isa = PBXBuildFile; fileRef = 1D0CA53C1FB3023400383825 /* AudioToolbox.framework */; };
		1D0CA53F1FB3023F00383825 /* MobileCoreServices.framework in Frameworks */ = {isa = PBXBuildFile; fileRef = 1D0CA53E1FB3023F00383825 /* MobileCoreServices.framework */; };
		1D0CA5411FB3025300383825 /* AssetsLibrary.framework in Frameworks */ = {isa = PBXBuildFile; fileRef = 1D0CA5401FB3025300383825 /* AssetsLibrary.framework */; };
		1D0CA5431FB3026B00383825 /* libicucore.tbd in Frameworks */ = {isa = PBXBuildFile; fileRef = 1D0CA5421FB3026B00383825 /* libicucore.tbd */; };
		1D0CA5451FB3027C00383825 /* libc++.tbd in Frameworks */ = {isa = PBXBuildFile; fileRef = 1D0CA5441FB3027C00383825 /* libc++.tbd */; };
		1D0CA5631FB30AE800383825 /* ImageIO.framework in Frameworks */ = {isa = PBXBuildFile; fileRef = 1D0CA5621FB30AE800383825 /* ImageIO.framework */; };
		1D17261B20F5C0CE0048F728 /* MOSDK.bundle in Resources */ = {isa = PBXBuildFile; fileRef = 1D17261920F5C0CE0048F728 /* MOSDK.bundle */; };
		1D1A7A221FB5CA22002CB806 /* HelpshiftLocalizable.strings in Resources */ = {isa = PBXBuildFile; fileRef = 1D1A79E41FB5CA21002CB806 /* HelpshiftLocalizable.strings */; };
		1D1A7A231FB5CA22002CB806 /* HsLocalization.bundle in Resources */ = {isa = PBXBuildFile; fileRef = 1D1A7A191FB5CA22002CB806 /* HsLocalization.bundle */; };
		1D1A7A241FB5CA22002CB806 /* HelpshiftConfig.plist in Resources */ = {isa = PBXBuildFile; fileRef = 1D1A7A1B1FB5CA22002CB806 /* HelpshiftConfig.plist */; };
		1D1A7A251FB5CA22002CB806 /* HelpshiftConfigDark.plist in Resources */ = {isa = PBXBuildFile; fileRef = 1D1A7A1C1FB5CA22002CB806 /* HelpshiftConfigDark.plist */; };
		1D1A7A261FB5CA22002CB806 /* HelpshiftConfigHighContrast.plist in Resources */ = {isa = PBXBuildFile; fileRef = 1D1A7A1D1FB5CA22002CB806 /* HelpshiftConfigHighContrast.plist */; };
		1D1A7A271FB5CA22002CB806 /* HsUIResourceBundle.bundle in Resources */ = {isa = PBXBuildFile; fileRef = 1D1A7A1E1FB5CA22002CB806 /* HsUIResourceBundle.bundle */; };
		1D1A7A281FB5CA22002CB806 /* libHelpshift.a in Frameworks */ = {isa = PBXBuildFile; fileRef = 1D1A7A1F1FB5CA22002CB806 /* libHelpshift.a */; };
		1D1A7A291FB5CA22002CB806 /* NOTICE.txt in Resources */ = {isa = PBXBuildFile; fileRef = 1D1A7A201FB5CA22002CB806 /* NOTICE.txt */; };
		1D1A7A2A1FB5CA22002CB806 /* Release-6.3.0.txt in Resources */ = {isa = PBXBuildFile; fileRef = 1D1A7A211FB5CA22002CB806 /* Release-6.3.0.txt */; };
		1D2270B820FD8BA500C4859E /* MOSDK.framework in Frameworks */ = {isa = PBXBuildFile; fileRef = 1D2270B720FD8BA400C4859E /* MOSDK.framework */; };
		1D61959820F8420D00A63ED2 /* MOSDK.storyboardc in Resources */ = {isa = PBXBuildFile; fileRef = 1D61959720F8420D00A63ED2 /* MOSDK.storyboardc */; };
		1D61959C20F87CC000A63ED2 /* iAd.framework in Frameworks */ = {isa = PBXBuildFile; fileRef = 1D61959B20F87CC000A63ED2 /* iAd.framework */; settings = {ATTRIBUTES = (Weak, ); }; };
		1D7246DE20EA0626007F0FFE /* AppsFlyerLib.framework in Frameworks */ = {isa = PBXBuildFile; fileRef = 1D7246DD20EA0626007F0FFE /* AppsFlyerLib.framework */; };
		1DA269092178584700373A0C /* GoogleSignIn.bundle in Resources */ = {isa = PBXBuildFile; fileRef = 1DA269062178584600373A0C /* GoogleSignIn.bundle */; };
		1DA2690A2178584700373A0C /* GoogleSignIn.framework in Frameworks */ = {isa = PBXBuildFile; fileRef = 1DA269072178584600373A0C /* GoogleSignIn.framework */; };
		1DA2690B2178584700373A0C /* GoogleSignInDependencies.framework in Frameworks */ = {isa = PBXBuildFile; fileRef = 1DA269082178584600373A0C /* GoogleSignInDependencies.framework */; };
		1DF179191FE8BDDA0037BB09 /* Bugly.framework in Frameworks */ = {isa = PBXBuildFile; fileRef = 1DF179181FE8BDDA0037BB09 /* Bugly.framework */; };
		8804C7411C9BD69A0091400C /* main.m in Sources */ = {isa = PBXBuildFile; fileRef = 8804C7401C9BD69A0091400C /* main.m */; };
		8804C7441C9BD69A0091400C /* AppDelegate.m in Sources */ = {isa = PBXBuildFile; fileRef = 8804C7431C9BD69A0091400C /* AppDelegate.m */; };
		8804C7471C9BD69A0091400C /* ViewController.m in Sources */ = {isa = PBXBuildFile; fileRef = 8804C7461C9BD69A0091400C /* ViewController.m */; };
		8804C74A1C9BD69A0091400C /* Main.storyboard in Resources */ = {isa = PBXBuildFile; fileRef = 8804C7481C9BD69A0091400C /* Main.storyboard */; };
		8804C74C1C9BD69A0091400C /* Assets.xcassets in Resources */ = {isa = PBXBuildFile; fileRef = 8804C74B1C9BD69A0091400C /* Assets.xcassets */; };
		8804C74F1C9BD69A0091400C /* LaunchScreen.storyboard in Resources */ = {isa = PBXBuildFile; fileRef = 8804C74D1C9BD69A0091400C /* LaunchScreen.storyboard */; };
		882273B71CD88D1B00301839 /* FBSDKCoreKit.framework in Frameworks */ = {isa = PBXBuildFile; fileRef = 882273B61CD88D1B00301839 /* FBSDKCoreKit.framework */; };
		882273BB1CD88D8400301839 /* FBSDKLoginKit.framework in Frameworks */ = {isa = PBXBuildFile; fileRef = 882273BA1CD88D8400301839 /* FBSDKLoginKit.framework */; };
		882273BD1CD88DA600301839 /* SystemConfiguration.framework in Frameworks */ = {isa = PBXBuildFile; fileRef = 882273BC1CD88DA600301839 /* SystemConfiguration.framework */; };
		882273BF1CD88DC700301839 /* libz.tbd in Frameworks */ = {isa = PBXBuildFile; fileRef = 882273BE1CD88DC700301839 /* libz.tbd */; };
		882273C11CD88DE000301839 /* CoreTelephony.framework in Frameworks */ = {isa = PBXBuildFile; fileRef = 882273C01CD88DE000301839 /* CoreTelephony.framework */; };
		882273C31CD88E0600301839 /* Partytrack.framework in Frameworks */ = {isa = PBXBuildFile; fileRef = 882273C21CD88E0600301839 /* Partytrack.framework */; };
		DE169D381DDC4DF20046F4A1 /* FBSDKShareKit.framework in Frameworks */ = {isa = PBXBuildFile; fileRef = DE169D371DDC4DF20046F4A1 /* FBSDKShareKit.framework */; };
/* End PBXBuildFile section */

/* Begin PBXCopyFilesBuildPhase section */
		8804C7D81C9C0BB00091400C /* Embed PlugIns */ = {
			isa = PBXCopyFilesBuildPhase;
			buildActionMask = 2147483647;
			dstPath = "";
			dstSubfolderSpec = 13;
			files = (
			);
			name = "Embed PlugIns";
			runOnlyForDeploymentPostprocessing = 0;
		};
		88A53A691CB5177B00CFA73F /* Embed Frameworks */ = {
			isa = PBXCopyFilesBuildPhase;
			buildActionMask = 12;
			dstPath = "";
			dstSubfolderSpec = 10;
			files = (
			);
			name = "Embed Frameworks";
			runOnlyForDeploymentPostprocessing = 0;
		};
/* End PBXCopyFilesBuildPhase section */

/* Begin PBXFileReference section */
		0415B1AE1EA0B3FD007C6863 /* libsqlite3.0.tbd */ = {isa = PBXFileReference; lastKnownFileType = "sourcecode.text-based-dylib-definition"; name = libsqlite3.0.tbd; path = usr/lib/libsqlite3.0.tbd; sourceTree = SDKROOT; };
		0415B1B01EA0B42A007C6863 /* StoreKit.framework */ = {isa = PBXFileReference; lastKnownFileType = wrapper.framework; name = StoreKit.framework; path = System/Library/Frameworks/StoreKit.framework; sourceTree = SDKROOT; };
		0415B1B21EA0B452007C6863 /* SafariServices.framework */ = {isa = PBXFileReference; lastKnownFileType = wrapper.framework; name = SafariServices.framework; path = System/Library/Frameworks/SafariServices.framework; sourceTree = SDKROOT; };
		0415B1B41EA0B47A007C6863 /* CFNetwork.framework */ = {isa = PBXFileReference; lastKnownFileType = wrapper.framework; name = CFNetwork.framework; path = System/Library/Frameworks/CFNetwork.framework; sourceTree = SDKROOT; };
		0415B1B61EA0B4B0007C6863 /* libsqlite3.tbd */ = {isa = PBXFileReference; lastKnownFileType = "sourcecode.text-based-dylib-definition"; name = libsqlite3.tbd; path = usr/lib/libsqlite3.tbd; sourceTree = SDKROOT; };
		0415B1B81EA0B5C6007C6863 /* CoreData.framework */ = {isa = PBXFileReference; lastKnownFileType = wrapper.framework; name = CoreData.framework; path = System/Library/Frameworks/CoreData.framework; sourceTree = SDKROOT; };
		0415B1BA1EA0B5EE007C6863 /* AdSupport.framework */ = {isa = PBXFileReference; lastKnownFileType = wrapper.framework; name = AdSupport.framework; path = System/Library/Frameworks/AdSupport.framework; sourceTree = SDKROOT; };
		0443EB051EA6174200E64D3D /* MOSDKDemo.entitlements */ = {isa = PBXFileReference; lastKnownFileType = text.plist.entitlements; path = MOSDKDemo.entitlements; sourceTree = "<group>"; };
		1D0CA5361FB3020E00383825 /* MapKit.framework */ = {isa = PBXFileReference; lastKnownFileType = wrapper.framework; name = MapKit.framework; path = System/Library/Frameworks/MapKit.framework; sourceTree = SDKROOT; };
		1D0CA5381FB3021B00383825 /* WebKit.framework */ = {isa = PBXFileReference; lastKnownFileType = wrapper.framework; name = WebKit.framework; path = System/Library/Frameworks/WebKit.framework; sourceTree = SDKROOT; };
		1D0CA53A1FB3022800383825 /* AVFoundation.framework */ = {isa = PBXFileReference; lastKnownFileType = wrapper.framework; name = AVFoundation.framework; path = System/Library/Frameworks/AVFoundation.framework; sourceTree = SDKROOT; };
		1D0CA53C1FB3023400383825 /* AudioToolbox.framework */ = {isa = PBXFileReference; lastKnownFileType = wrapper.framework; name = AudioToolbox.framework; path = System/Library/Frameworks/AudioToolbox.framework; sourceTree = SDKROOT; };
		1D0CA53E1FB3023F00383825 /* MobileCoreServices.framework */ = {isa = PBXFileReference; lastKnownFileType = wrapper.framework; name = MobileCoreServices.framework; path = System/Library/Frameworks/MobileCoreServices.framework; sourceTree = SDKROOT; };
		1D0CA5401FB3025300383825 /* AssetsLibrary.framework */ = {isa = PBXFileReference; lastKnownFileType = wrapper.framework; name = AssetsLibrary.framework; path = System/Library/Frameworks/AssetsLibrary.framework; sourceTree = SDKROOT; };
		1D0CA5421FB3026B00383825 /* libicucore.tbd */ = {isa = PBXFileReference; lastKnownFileType = "sourcecode.text-based-dylib-definition"; name = libicucore.tbd; path = usr/lib/libicucore.tbd; sourceTree = SDKROOT; };
		1D0CA5441FB3027C00383825 /* libc++.tbd */ = {isa = PBXFileReference; lastKnownFileType = "sourcecode.text-based-dylib-definition"; name = "libc++.tbd"; path = "usr/lib/libc++.tbd"; sourceTree = SDKROOT; };
		1D0CA5621FB30AE800383825 /* ImageIO.framework */ = {isa = PBXFileReference; lastKnownFileType = wrapper.framework; name = ImageIO.framework; path = System/Library/Frameworks/ImageIO.framework; sourceTree = SDKROOT; };
		1D17261920F5C0CE0048F728 /* MOSDK.bundle */ = {isa = PBXFileReference; lastKnownFileType = "wrapper.plug-in"; name = MOSDK.bundle; path = Frameworks/MOSDK.bundle; sourceTree = "<group>"; };
		1D1A79E01FB5CA21002CB806 /* HelpshiftAll.h */ = {isa = PBXFileReference; fileEncoding = 4; lastKnownFileType = sourcecode.c.h; path = HelpshiftAll.h; sourceTree = "<group>"; };
		1D1A79E11FB5CA21002CB806 /* HelpshiftCampaigns.h */ = {isa = PBXFileReference; fileEncoding = 4; lastKnownFileType = sourcecode.c.h; path = HelpshiftCampaigns.h; sourceTree = "<group>"; };
		1D1A79E21FB5CA21002CB806 /* HelpshiftCore.h */ = {isa = PBXFileReference; fileEncoding = 4; lastKnownFileType = sourcecode.c.h; path = HelpshiftCore.h; sourceTree = "<group>"; };
		1D1A79E51FB5CA21002CB806 /* ar */ = {isa = PBXFileReference; lastKnownFileType = text.plist.strings; name = ar; path = ar.lproj/HelpshiftLocalizable.strings; sourceTree = "<group>"; };
		1D1A79E61FB5CA21002CB806 /* bg */ = {isa = PBXFileReference; lastKnownFileType = text.plist.strings; name = bg; path = bg.lproj/HelpshiftLocalizable.strings; sourceTree = "<group>"; };
		1D1A79E71FB5CA21002CB806 /* bn */ = {isa = PBXFileReference; lastKnownFileType = text.plist.strings; name = bn; path = bn.lproj/HelpshiftLocalizable.strings; sourceTree = "<group>"; };
		1D1A79E81FB5CA21002CB806 /* ca */ = {isa = PBXFileReference; lastKnownFileType = text.plist.strings; name = ca; path = ca.lproj/HelpshiftLocalizable.strings; sourceTree = "<group>"; };
		1D1A79E91FB5CA21002CB806 /* cs */ = {isa = PBXFileReference; lastKnownFileType = text.plist.strings; name = cs; path = cs.lproj/HelpshiftLocalizable.strings; sourceTree = "<group>"; };
		1D1A79EA1FB5CA21002CB806 /* da */ = {isa = PBXFileReference; lastKnownFileType = text.plist.strings; name = da; path = da.lproj/HelpshiftLocalizable.strings; sourceTree = "<group>"; };
		1D1A79EB1FB5CA21002CB806 /* de */ = {isa = PBXFileReference; lastKnownFileType = text.plist.strings; name = de; path = de.lproj/HelpshiftLocalizable.strings; sourceTree = "<group>"; };
		1D1A79EC1FB5CA21002CB806 /* el */ = {isa = PBXFileReference; lastKnownFileType = text.plist.strings; name = el; path = el.lproj/HelpshiftLocalizable.strings; sourceTree = "<group>"; };
		1D1A79ED1FB5CA21002CB806 /* en */ = {isa = PBXFileReference; lastKnownFileType = text.plist.strings; name = en; path = en.lproj/HelpshiftLocalizable.strings; sourceTree = "<group>"; };
		1D1A79EE1FB5CA21002CB806 /* es */ = {isa = PBXFileReference; lastKnownFileType = text.plist.strings; name = es; path = es.lproj/HelpshiftLocalizable.strings; sourceTree = "<group>"; };
		1D1A79EF1FB5CA21002CB806 /* fa */ = {isa = PBXFileReference; lastKnownFileType = text.plist.strings; name = fa; path = fa.lproj/HelpshiftLocalizable.strings; sourceTree = "<group>"; };
		1D1A79F01FB5CA21002CB806 /* fi */ = {isa = PBXFileReference; lastKnownFileType = text.plist.strings; name = fi; path = fi.lproj/HelpshiftLocalizable.strings; sourceTree = "<group>"; };
		1D1A79F11FB5CA21002CB806 /* fr */ = {isa = PBXFileReference; lastKnownFileType = text.plist.strings; name = fr; path = fr.lproj/HelpshiftLocalizable.strings; sourceTree = "<group>"; };
		1D1A79F21FB5CA21002CB806 /* gu */ = {isa = PBXFileReference; lastKnownFileType = text.plist.strings; name = gu; path = gu.lproj/HelpshiftLocalizable.strings; sourceTree = "<group>"; };
		1D1A79F31FB5CA21002CB806 /* he */ = {isa = PBXFileReference; lastKnownFileType = text.plist.strings; name = he; path = he.lproj/HelpshiftLocalizable.strings; sourceTree = "<group>"; };
		1D1A79F41FB5CA21002CB806 /* hi */ = {isa = PBXFileReference; lastKnownFileType = text.plist.strings; name = hi; path = hi.lproj/HelpshiftLocalizable.strings; sourceTree = "<group>"; };
		1D1A79F51FB5CA21002CB806 /* hr */ = {isa = PBXFileReference; lastKnownFileType = text.plist.strings; name = hr; path = hr.lproj/HelpshiftLocalizable.strings; sourceTree = "<group>"; };
		1D1A79F61FB5CA21002CB806 /* hu */ = {isa = PBXFileReference; lastKnownFileType = text.plist.strings; name = hu; path = hu.lproj/HelpshiftLocalizable.strings; sourceTree = "<group>"; };
		1D1A79F71FB5CA21002CB806 /* id */ = {isa = PBXFileReference; lastKnownFileType = text.plist.strings; name = id; path = id.lproj/HelpshiftLocalizable.strings; sourceTree = "<group>"; };
		1D1A79F81FB5CA21002CB806 /* it */ = {isa = PBXFileReference; lastKnownFileType = text.plist.strings; name = it; path = it.lproj/HelpshiftLocalizable.strings; sourceTree = "<group>"; };
		1D1A79F91FB5CA21002CB806 /* ja */ = {isa = PBXFileReference; lastKnownFileType = text.plist.strings; name = ja; path = ja.lproj/HelpshiftLocalizable.strings; sourceTree = "<group>"; };
		1D1A79FA1FB5CA21002CB806 /* kn */ = {isa = PBXFileReference; lastKnownFileType = text.plist.strings; name = kn; path = kn.lproj/HelpshiftLocalizable.strings; sourceTree = "<group>"; };
		1D1A79FB1FB5CA21002CB806 /* ko */ = {isa = PBXFileReference; lastKnownFileType = text.plist.strings; name = ko; path = ko.lproj/HelpshiftLocalizable.strings; sourceTree = "<group>"; };
		1D1A79FC1FB5CA21002CB806 /* lv */ = {isa = PBXFileReference; lastKnownFileType = text.plist.strings; name = lv; path = lv.lproj/HelpshiftLocalizable.strings; sourceTree = "<group>"; };
		1D1A79FD1FB5CA21002CB806 /* ml */ = {isa = PBXFileReference; lastKnownFileType = text.plist.strings; name = ml; path = ml.lproj/HelpshiftLocalizable.strings; sourceTree = "<group>"; };
		1D1A79FE1FB5CA21002CB806 /* mr */ = {isa = PBXFileReference; lastKnownFileType = text.plist.strings; name = mr; path = mr.lproj/HelpshiftLocalizable.strings; sourceTree = "<group>"; };
		1D1A79FF1FB5CA21002CB806 /* ms */ = {isa = PBXFileReference; lastKnownFileType = text.plist.strings; name = ms; path = ms.lproj/HelpshiftLocalizable.strings; sourceTree = "<group>"; };
		1D1A7A001FB5CA21002CB806 /* nb-NO */ = {isa = PBXFileReference; lastKnownFileType = text.plist.strings; name = "nb-NO"; path = "nb-NO.lproj/HelpshiftLocalizable.strings"; sourceTree = "<group>"; };
		1D1A7A011FB5CA21002CB806 /* nb */ = {isa = PBXFileReference; lastKnownFileType = text.plist.strings; name = nb; path = nb.lproj/HelpshiftLocalizable.strings; sourceTree = "<group>"; };
		1D1A7A021FB5CA21002CB806 /* nl */ = {isa = PBXFileReference; lastKnownFileType = text.plist.strings; name = nl; path = nl.lproj/HelpshiftLocalizable.strings; sourceTree = "<group>"; };
		1D1A7A031FB5CA21002CB806 /* pa */ = {isa = PBXFileReference; lastKnownFileType = text.plist.strings; name = pa; path = pa.lproj/HelpshiftLocalizable.strings; sourceTree = "<group>"; };
		1D1A7A041FB5CA21002CB806 /* pl */ = {isa = PBXFileReference; lastKnownFileType = text.plist.strings; name = pl; path = pl.lproj/HelpshiftLocalizable.strings; sourceTree = "<group>"; };
		1D1A7A051FB5CA21002CB806 /* pt */ = {isa = PBXFileReference; lastKnownFileType = text.plist.strings; name = pt; path = pt.lproj/HelpshiftLocalizable.strings; sourceTree = "<group>"; };
		1D1A7A061FB5CA21002CB806 /* ro */ = {isa = PBXFileReference; lastKnownFileType = text.plist.strings; name = ro; path = ro.lproj/HelpshiftLocalizable.strings; sourceTree = "<group>"; };
		1D1A7A071FB5CA21002CB806 /* ru */ = {isa = PBXFileReference; lastKnownFileType = text.plist.strings; name = ru; path = ru.lproj/HelpshiftLocalizable.strings; sourceTree = "<group>"; };
		1D1A7A081FB5CA21002CB806 /* sk */ = {isa = PBXFileReference; lastKnownFileType = text.plist.strings; name = sk; path = sk.lproj/HelpshiftLocalizable.strings; sourceTree = "<group>"; };
		1D1A7A091FB5CA21002CB806 /* sl */ = {isa = PBXFileReference; lastKnownFileType = text.plist.strings; name = sl; path = sl.lproj/HelpshiftLocalizable.strings; sourceTree = "<group>"; };
		1D1A7A0A1FB5CA21002CB806 /* sv */ = {isa = PBXFileReference; lastKnownFileType = text.plist.strings; name = sv; path = sv.lproj/HelpshiftLocalizable.strings; sourceTree = "<group>"; };
		1D1A7A0B1FB5CA22002CB806 /* ta */ = {isa = PBXFileReference; lastKnownFileType = text.plist.strings; name = ta; path = ta.lproj/HelpshiftLocalizable.strings; sourceTree = "<group>"; };
		1D1A7A0C1FB5CA22002CB806 /* te */ = {isa = PBXFileReference; lastKnownFileType = text.plist.strings; name = te; path = te.lproj/HelpshiftLocalizable.strings; sourceTree = "<group>"; };
		1D1A7A0D1FB5CA22002CB806 /* th */ = {isa = PBXFileReference; lastKnownFileType = text.plist.strings; name = th; path = th.lproj/HelpshiftLocalizable.strings; sourceTree = "<group>"; };
		1D1A7A0E1FB5CA22002CB806 /* tr */ = {isa = PBXFileReference; lastKnownFileType = text.plist.strings; name = tr; path = tr.lproj/HelpshiftLocalizable.strings; sourceTree = "<group>"; };
		1D1A7A0F1FB5CA22002CB806 /* uk */ = {isa = PBXFileReference; lastKnownFileType = text.plist.strings; name = uk; path = uk.lproj/HelpshiftLocalizable.strings; sourceTree = "<group>"; };
		1D1A7A101FB5CA22002CB806 /* vi */ = {isa = PBXFileReference; lastKnownFileType = text.plist.strings; name = vi; path = vi.lproj/HelpshiftLocalizable.strings; sourceTree = "<group>"; };
		1D1A7A111FB5CA22002CB806 /* zh-Hans-SG */ = {isa = PBXFileReference; lastKnownFileType = text.plist.strings; name = "zh-Hans-SG"; path = "zh-Hans-SG.lproj/HelpshiftLocalizable.strings"; sourceTree = "<group>"; };
		1D1A7A121FB5CA22002CB806 /* zh-Hans */ = {isa = PBXFileReference; lastKnownFileType = text.plist.strings; name = "zh-Hans"; path = "zh-Hans.lproj/HelpshiftLocalizable.strings"; sourceTree = "<group>"; };
		1D1A7A131FB5CA22002CB806 /* zh-Hant-HK */ = {isa = PBXFileReference; lastKnownFileType = text.plist.strings; name = "zh-Hant-HK"; path = "zh-Hant-HK.lproj/HelpshiftLocalizable.strings"; sourceTree = "<group>"; };
		1D1A7A141FB5CA22002CB806 /* zh-Hant */ = {isa = PBXFileReference; lastKnownFileType = text.plist.strings; name = "zh-Hant"; path = "zh-Hant.lproj/HelpshiftLocalizable.strings"; sourceTree = "<group>"; };
		1D1A7A151FB5CA22002CB806 /* zh-Hk */ = {isa = PBXFileReference; lastKnownFileType = text.plist.strings; name = "zh-Hk"; path = "zh-Hk.lproj/HelpshiftLocalizable.strings"; sourceTree = "<group>"; };
		1D1A7A161FB5CA22002CB806 /* zh-Sg */ = {isa = PBXFileReference; lastKnownFileType = text.plist.strings; name = "zh-Sg"; path = "zh-Sg.lproj/HelpshiftLocalizable.strings"; sourceTree = "<group>"; };
		1D1A7A171FB5CA22002CB806 /* HelpshiftInbox.h */ = {isa = PBXFileReference; fileEncoding = 4; lastKnownFileType = sourcecode.c.h; path = HelpshiftInbox.h; sourceTree = "<group>"; };
		1D1A7A181FB5CA22002CB806 /* HelpshiftSupport.h */ = {isa = PBXFileReference; fileEncoding = 4; lastKnownFileType = sourcecode.c.h; path = HelpshiftSupport.h; sourceTree = "<group>"; };
		1D1A7A191FB5CA22002CB806 /* HsLocalization.bundle */ = {isa = PBXFileReference; lastKnownFileType = "wrapper.plug-in"; path = HsLocalization.bundle; sourceTree = "<group>"; };
		1D1A7A1B1FB5CA22002CB806 /* HelpshiftConfig.plist */ = {isa = PBXFileReference; fileEncoding = 4; lastKnownFileType = text.plist.xml; path = HelpshiftConfig.plist; sourceTree = "<group>"; };
		1D1A7A1C1FB5CA22002CB806 /* HelpshiftConfigDark.plist */ = {isa = PBXFileReference; fileEncoding = 4; lastKnownFileType = text.plist.xml; path = HelpshiftConfigDark.plist; sourceTree = "<group>"; };
		1D1A7A1D1FB5CA22002CB806 /* HelpshiftConfigHighContrast.plist */ = {isa = PBXFileReference; fileEncoding = 4; lastKnownFileType = text.plist.xml; path = HelpshiftConfigHighContrast.plist; sourceTree = "<group>"; };
		1D1A7A1E1FB5CA22002CB806 /* HsUIResourceBundle.bundle */ = {isa = PBXFileReference; lastKnownFileType = "wrapper.plug-in"; path = HsUIResourceBundle.bundle; sourceTree = "<group>"; };
		1D1A7A1F1FB5CA22002CB806 /* libHelpshift.a */ = {isa = PBXFileReference; lastKnownFileType = archive.ar; path = libHelpshift.a; sourceTree = "<group>"; };
		1D1A7A201FB5CA22002CB806 /* NOTICE.txt */ = {isa = PBXFileReference; fileEncoding = 4; lastKnownFileType = text; path = NOTICE.txt; sourceTree = "<group>"; };
		1D1A7A211FB5CA22002CB806 /* Release-6.3.0.txt */ = {isa = PBXFileReference; fileEncoding = 4; lastKnownFileType = text; path = "Release-6.3.0.txt"; sourceTree = "<group>"; };
		1D2270B720FD8BA400C4859E /* MOSDK.framework */ = {isa = PBXFileReference; lastKnownFileType = wrapper.framework; name = MOSDK.framework; path = Frameworks/MOSDK.framework; sourceTree = "<group>"; };
		1D61959720F8420D00A63ED2 /* MOSDK.storyboardc */ = {isa = PBXFileReference; lastKnownFileType = wrapper.storyboardc; name = MOSDK.storyboardc; path = Frameworks/MOSDK.framework/MOSDK.storyboardc; sourceTree = "<group>"; };
		1D61959B20F87CC000A63ED2 /* iAd.framework */ = {isa = PBXFileReference; lastKnownFileType = wrapper.framework; name = iAd.framework; path = System/Library/Frameworks/iAd.framework; sourceTree = SDKROOT; };
		1D7246DD20EA0626007F0FFE /* AppsFlyerLib.framework */ = {isa = PBXFileReference; lastKnownFileType = wrapper.framework; name = AppsFlyerLib.framework; path = Frameworks/AppsFlyerLib.framework; sourceTree = "<group>"; };
		1DA269062178584600373A0C /* GoogleSignIn.bundle */ = {isa = PBXFileReference; lastKnownFileType = "wrapper.plug-in"; name = GoogleSignIn.bundle; path = Frameworks/GoogleSignIn.bundle; sourceTree = "<group>"; };
		1DA269072178584600373A0C /* GoogleSignIn.framework */ = {isa = PBXFileReference; lastKnownFileType = wrapper.framework; name = GoogleSignIn.framework; path = Frameworks/GoogleSignIn.framework; sourceTree = "<group>"; };
		1DA269082178584600373A0C /* GoogleSignInDependencies.framework */ = {isa = PBXFileReference; lastKnownFileType = wrapper.framework; name = GoogleSignInDependencies.framework; path = Frameworks/GoogleSignInDependencies.framework; sourceTree = "<group>"; };
		1DF179181FE8BDDA0037BB09 /* Bugly.framework */ = {isa = PBXFileReference; lastKnownFileType = wrapper.framework; name = Bugly.framework; path = Frameworks/Bugly.framework; sourceTree = "<group>"; };
		8804C73C1C9BD69A0091400C /* MOSDKDemo.app */ = {isa = PBXFileReference; explicitFileType = wrapper.application; includeInIndex = 0; path = MOSDKDemo.app; sourceTree = BUILT_PRODUCTS_DIR; };
		8804C7401C9BD69A0091400C /* main.m */ = {isa = PBXFileReference; lastKnownFileType = sourcecode.c.objc; path = main.m; sourceTree = "<group>"; };
		8804C7421C9BD69A0091400C /* AppDelegate.h */ = {isa = PBXFileReference; lastKnownFileType = sourcecode.c.h; path = AppDelegate.h; sourceTree = "<group>"; };
		8804C7431C9BD69A0091400C /* AppDelegate.m */ = {isa = PBXFileReference; lastKnownFileType = sourcecode.c.objc; path = AppDelegate.m; sourceTree = "<group>"; };
		8804C7451C9BD69A0091400C /* ViewController.h */ = {isa = PBXFileReference; lastKnownFileType = sourcecode.c.h; path = ViewController.h; sourceTree = "<group>"; };
		8804C7461C9BD69A0091400C /* ViewController.m */ = {isa = PBXFileReference; lastKnownFileType = sourcecode.c.objc; path = ViewController.m; sourceTree = "<group>"; };
		8804C7491C9BD69A0091400C /* Base */ = {isa = PBXFileReference; lastKnownFileType = file.storyboard; name = Base; path = Base.lproj/Main.storyboard; sourceTree = "<group>"; };
		8804C74B1C9BD69A0091400C /* Assets.xcassets */ = {isa = PBXFileReference; lastKnownFileType = folder.assetcatalog; path = Assets.xcassets; sourceTree = "<group>"; };
		8804C74E1C9BD69A0091400C /* Base */ = {isa = PBXFileReference; lastKnownFileType = file.storyboard; name = Base; path = Base.lproj/LaunchScreen.storyboard; sourceTree = "<group>"; };
		8804C7501C9BD69A0091400C /* Info.plist */ = {isa = PBXFileReference; lastKnownFileType = text.plist.xml; path = Info.plist; sourceTree = "<group>"; };
		882273B61CD88D1B00301839 /* FBSDKCoreKit.framework */ = {isa = PBXFileReference; lastKnownFileType = wrapper.framework; name = FBSDKCoreKit.framework; path = Frameworks/FBSDKCoreKit.framework; sourceTree = "<group>"; };
		882273BA1CD88D8400301839 /* FBSDKLoginKit.framework */ = {isa = PBXFileReference; lastKnownFileType = wrapper.framework; name = FBSDKLoginKit.framework; path = Frameworks/FBSDKLoginKit.framework; sourceTree = "<group>"; };
		882273BC1CD88DA600301839 /* SystemConfiguration.framework */ = {isa = PBXFileReference; lastKnownFileType = wrapper.framework; name = SystemConfiguration.framework; path = System/Library/Frameworks/SystemConfiguration.framework; sourceTree = SDKROOT; };
		882273BE1CD88DC700301839 /* libz.tbd */ = {isa = PBXFileReference; lastKnownFileType = "sourcecode.text-based-dylib-definition"; name = libz.tbd; path = usr/lib/libz.tbd; sourceTree = SDKROOT; };
		882273C01CD88DE000301839 /* CoreTelephony.framework */ = {isa = PBXFileReference; lastKnownFileType = wrapper.framework; name = CoreTelephony.framework; path = System/Library/Frameworks/CoreTelephony.framework; sourceTree = SDKROOT; };
		882273C21CD88E0600301839 /* Partytrack.framework */ = {isa = PBXFileReference; lastKnownFileType = wrapper.framework; name = Partytrack.framework; path = Frameworks/Partytrack.framework; sourceTree = "<group>"; };
		88595FDD1CA98D7D007846AD /* zh-Hans */ = {isa = PBXFileReference; lastKnownFileType = text.plist.strings; name = "zh-Hans"; path = "zh-Hans.lproj/Main.strings"; sourceTree = "<group>"; };
		88595FDE1CA98D7D007846AD /* zh-Hans */ = {isa = PBXFileReference; lastKnownFileType = text.plist.strings; name = "zh-Hans"; path = "zh-Hans.lproj/LaunchScreen.strings"; sourceTree = "<group>"; };
		88595FDF1CA98D83007846AD /* zh-Hant */ = {isa = PBXFileReference; lastKnownFileType = text.plist.strings; name = "zh-Hant"; path = "zh-Hant.lproj/Main.strings"; sourceTree = "<group>"; };
		88595FE01CA98D83007846AD /* zh-Hant */ = {isa = PBXFileReference; lastKnownFileType = text.plist.strings; name = "zh-Hant"; path = "zh-Hant.lproj/LaunchScreen.strings"; sourceTree = "<group>"; };
		DE169D371DDC4DF20046F4A1 /* FBSDKShareKit.framework */ = {isa = PBXFileReference; lastKnownFileType = wrapper.framework; name = FBSDKShareKit.framework; path = Frameworks/FBSDKShareKit.framework; sourceTree = "<group>"; };
/* End PBXFileReference section */

/* Begin PBXFrameworksBuildPhase section */
		8804C7391C9BD69A0091400C /* Frameworks */ = {
			isa = PBXFrameworksBuildPhase;
			buildActionMask = 2147483647;
			files = (
				1D61959C20F87CC000A63ED2 /* iAd.framework in Frameworks */,
				1DF179191FE8BDDA0037BB09 /* Bugly.framework in Frameworks */,
				1D0CA5631FB30AE800383825 /* ImageIO.framework in Frameworks */,
				1D0CA5451FB3027C00383825 /* libc++.tbd in Frameworks */,
				1D0CA5431FB3026B00383825 /* libicucore.tbd in Frameworks */,
				882273BF1CD88DC700301839 /* libz.tbd in Frameworks */,
				1D7246DE20EA0626007F0FFE /* AppsFlyerLib.framework in Frameworks */,
				1DA2690A2178584700373A0C /* GoogleSignIn.framework in Frameworks */,
				1D0CA5411FB3025300383825 /* AssetsLibrary.framework in Frameworks */,
				0415B1B91EA0B5C6007C6863 /* CoreData.framework in Frameworks */,
				1D0CA53F1FB3023F00383825 /* MobileCoreServices.framework in Frameworks */,
				1D0CA53D1FB3023400383825 /* AudioToolbox.framework in Frameworks */,
				1DA2690B2178584700373A0C /* GoogleSignInDependencies.framework in Frameworks */,
				1D0CA53B1FB3022800383825 /* AVFoundation.framework in Frameworks */,
				1D1A7A281FB5CA22002CB806 /* libHelpshift.a in Frameworks */,
				1D0CA5391FB3021B00383825 /* WebKit.framework in Frameworks */,
				1D0CA5371FB3020E00383825 /* MapKit.framework in Frameworks */,
				882273BD1CD88DA600301839 /* SystemConfiguration.framework in Frameworks */,
				882273C11CD88DE000301839 /* CoreTelephony.framework in Frameworks */,
				882273B71CD88D1B00301839 /* FBSDKCoreKit.framework in Frameworks */,
				882273BB1CD88D8400301839 /* FBSDKLoginKit.framework in Frameworks */,
				1D2270B820FD8BA500C4859E /* MOSDK.framework in Frameworks */,
				DE169D381DDC4DF20046F4A1 /* FBSDKShareKit.framework in Frameworks */,
				882273C31CD88E0600301839 /* Partytrack.framework in Frameworks */,
				0415B1BB1EA0B5EE007C6863 /* AdSupport.framework in Frameworks */,
				0415B1B71EA0B4B0007C6863 /* libsqlite3.tbd in Frameworks */,
				0415B1B51EA0B47A007C6863 /* CFNetwork.framework in Frameworks */,
				0415B1B31EA0B452007C6863 /* SafariServices.framework in Frameworks */,
				0415B1B11EA0B42A007C6863 /* StoreKit.framework in Frameworks */,
			);
			runOnlyForDeploymentPostprocessing = 0;
		};
/* End PBXFrameworksBuildPhase section */

/* Begin PBXGroup section */
		1D1A79DF1FB5CA21002CB806 /* helpshift-sdk-ios-v6.3.0 */ = {
			isa = PBXGroup;
			children = (
				1D1A79E01FB5CA21002CB806 /* HelpshiftAll.h */,
				1D1A79E11FB5CA21002CB806 /* HelpshiftCampaigns.h */,
				1D1A79E21FB5CA21002CB806 /* HelpshiftCore.h */,
				1D1A79E31FB5CA21002CB806 /* HelpshiftDefaultLocalizations */,
				1D1A7A171FB5CA22002CB806 /* HelpshiftInbox.h */,
				1D1A7A181FB5CA22002CB806 /* HelpshiftSupport.h */,
				1D1A7A191FB5CA22002CB806 /* HsLocalization.bundle */,
				1D1A7A1A1FB5CA22002CB806 /* HSThemes */,
				1D1A7A1E1FB5CA22002CB806 /* HsUIResourceBundle.bundle */,
				1D1A7A1F1FB5CA22002CB806 /* libHelpshift.a */,
				1D1A7A201FB5CA22002CB806 /* NOTICE.txt */,
				1D1A7A211FB5CA22002CB806 /* Release-6.3.0.txt */,
			);
			name = "helpshift-sdk-ios-v6.3.0";
			path = "Frameworks/helpshift-sdk-ios-v6.3.0";
			sourceTree = "<group>";
		};
		1D1A79E31FB5CA21002CB806 /* HelpshiftDefaultLocalizations */ = {
			isa = PBXGroup;
			children = (
				1D1A79E41FB5CA21002CB806 /* HelpshiftLocalizable.strings */,
			);
			path = HelpshiftDefaultLocalizations;
			sourceTree = "<group>";
		};
		1D1A7A1A1FB5CA22002CB806 /* HSThemes */ = {
			isa = PBXGroup;
			children = (
				1D1A7A1B1FB5CA22002CB806 /* HelpshiftConfig.plist */,
				1D1A7A1C1FB5CA22002CB806 /* HelpshiftConfigDark.plist */,
				1D1A7A1D1FB5CA22002CB806 /* HelpshiftConfigHighContrast.plist */,
			);
			path = HSThemes;
			sourceTree = "<group>";
		};
		8804C7331C9BD69A0091400C = {
			isa = PBXGroup;
			children = (
				1D61959720F8420D00A63ED2 /* MOSDK.storyboardc */,
				880893DF1CAE5A0C0006E600 /* Frameworks */,
				8804C73E1C9BD69A0091400C /* MOSDKDemo */,
				8804C73D1C9BD69A0091400C /* Products */,
			);
			sourceTree = "<group>";
		};
		8804C73D1C9BD69A0091400C /* Products */ = {
			isa = PBXGroup;
			children = (
				8804C73C1C9BD69A0091400C /* MOSDKDemo.app */,
			);
			name = Products;
			sourceTree = "<group>";
		};
		8804C73E1C9BD69A0091400C /* MOSDKDemo */ = {
			isa = PBXGroup;
			children = (
				0443EB051EA6174200E64D3D /* MOSDKDemo.entitlements */,
				8804C7421C9BD69A0091400C /* AppDelegate.h */,
				8804C7431C9BD69A0091400C /* AppDelegate.m */,
				8804C7451C9BD69A0091400C /* ViewController.h */,
				8804C7461C9BD69A0091400C /* ViewController.m */,
				8804C7481C9BD69A0091400C /* Main.storyboard */,
				8804C74B1C9BD69A0091400C /* Assets.xcassets */,
				8804C74D1C9BD69A0091400C /* LaunchScreen.storyboard */,
				8804C7501C9BD69A0091400C /* Info.plist */,
				8804C73F1C9BD69A0091400C /* Supporting Files */,
			);
			path = MOSDKDemo;
			sourceTree = "<group>";
		};
		8804C73F1C9BD69A0091400C /* Supporting Files */ = {
			isa = PBXGroup;
			children = (
				8804C7401C9BD69A0091400C /* main.m */,
			);
			name = "Supporting Files";
			sourceTree = "<group>";
		};
		880893DF1CAE5A0C0006E600 /* Frameworks */ = {
			isa = PBXGroup;
			children = (
				1DA269062178584600373A0C /* GoogleSignIn.bundle */,
				1DA269072178584600373A0C /* GoogleSignIn.framework */,
				1DA269082178584600373A0C /* GoogleSignInDependencies.framework */,
				1D2270B720FD8BA400C4859E /* MOSDK.framework */,
				1D61959B20F87CC000A63ED2 /* iAd.framework */,
				1D17261920F5C0CE0048F728 /* MOSDK.bundle */,
				1D7246DD20EA0626007F0FFE /* AppsFlyerLib.framework */,
				1DF179181FE8BDDA0037BB09 /* Bugly.framework */,
				1D1A79DF1FB5CA21002CB806 /* helpshift-sdk-ios-v6.3.0 */,
				1D0CA5621FB30AE800383825 /* ImageIO.framework */,
				1D0CA5441FB3027C00383825 /* libc++.tbd */,
				1D0CA5421FB3026B00383825 /* libicucore.tbd */,
				1D0CA5401FB3025300383825 /* AssetsLibrary.framework */,
				1D0CA53E1FB3023F00383825 /* MobileCoreServices.framework */,
				1D0CA53C1FB3023400383825 /* AudioToolbox.framework */,
				1D0CA53A1FB3022800383825 /* AVFoundation.framework */,
				1D0CA5381FB3021B00383825 /* WebKit.framework */,
				1D0CA5361FB3020E00383825 /* MapKit.framework */,
				882273B61CD88D1B00301839 /* FBSDKCoreKit.framework */,
				882273BA1CD88D8400301839 /* FBSDKLoginKit.framework */,
				DE169D371DDC4DF20046F4A1 /* FBSDKShareKit.framework */,
				882273C21CD88E0600301839 /* Partytrack.framework */,
				0415B1BA1EA0B5EE007C6863 /* AdSupport.framework */,
				0415B1B81EA0B5C6007C6863 /* CoreData.framework */,
				0415B1B61EA0B4B0007C6863 /* libsqlite3.tbd */,
				0415B1B41EA0B47A007C6863 /* CFNetwork.framework */,
				0415B1B21EA0B452007C6863 /* SafariServices.framework */,
				0415B1B01EA0B42A007C6863 /* StoreKit.framework */,
				0415B1AE1EA0B3FD007C6863 /* libsqlite3.0.tbd */,
				882273C01CD88DE000301839 /* CoreTelephony.framework */,
				882273BE1CD88DC700301839 /* libz.tbd */,
				882273BC1CD88DA600301839 /* SystemConfiguration.framework */,
			);
			name = Frameworks;
			sourceTree = "<group>";
		};
/* End PBXGroup section */

/* Begin PBXNativeTarget section */
		8804C73B1C9BD69A0091400C /* MOSDKDemo */ = {
			isa = PBXNativeTarget;
			buildConfigurationList = 8804C7531C9BD69A0091400C /* Build configuration list for PBXNativeTarget "MOSDKDemo" */;
			buildPhases = (
				8804C7381C9BD69A0091400C /* Sources */,
				8804C7391C9BD69A0091400C /* Frameworks */,
				8804C73A1C9BD69A0091400C /* Resources */,
				8804C7D81C9C0BB00091400C /* Embed PlugIns */,
				88A53A691CB5177B00CFA73F /* Embed Frameworks */,
				1DF1791A1FE8BE6A0037BB09 /* ShellScript */,
			);
			buildRules = (
			);
			dependencies = (
			);
			name = MOSDKDemo;
			productName = MOSDKDemo;
			productReference = 8804C73C1C9BD69A0091400C /* MOSDKDemo.app */;
			productType = "com.apple.product-type.application";
		};
/* End PBXNativeTarget section */

/* Begin PBXProject section */
		8804C7341C9BD69A0091400C /* Project object */ = {
			isa = PBXProject;
			attributes = {
				LastUpgradeCheck = 1000;
				ORGANIZATIONNAME = Morlia;
				TargetAttributes = {
					8804C73B1C9BD69A0091400C = {
						CreatedOnToolsVersion = 7.2.1;
						DevelopmentTeam = 3TGAAVKAN5;
						ProvisioningStyle = Manual;
						SystemCapabilities = {
							com.apple.Keychain = {
								enabled = 1;
							};
						};
					};
				};
			};
			buildConfigurationList = 8804C7371C9BD69A0091400C /* Build configuration list for PBXProject "MOSDKDemo" */;
			compatibilityVersion = "Xcode 3.2";
			developmentRegion = English;
			hasScannedForEncodings = 0;
			knownRegions = (
				en,
				Base,
				ar,
				bg,
				bn,
				ca,
				cs,
				da,
				de,
				el,
				es,
				fa,
				fi,
				fr,
				gu,
				he,
				hi,
				hr,
				hu,
				id,
				it,
				ja,
				kn,
				ko,
				lv,
				ml,
				mr,
				ms,
				"nb-NO",
				nb,
				nl,
				pa,
				pl,
				pt,
				ro,
				ru,
				sk,
				sl,
				sv,
				ta,
				te,
				th,
				tr,
				uk,
				vi,
				"zh-Hans-SG",
				"zh-Hans",
				"zh-Hant-HK",
				"zh-Hant",
				"zh-Hk",
				"zh-Sg",
			);
			mainGroup = 8804C7331C9BD69A0091400C;
			productRefGroup = 8804C73D1C9BD69A0091400C /* Products */;
			projectDirPath = "";
			projectRoot = "";
			targets = (
				8804C73B1C9BD69A0091400C /* MOSDKDemo */,
			);
		};
/* End PBXProject section */

/* Begin PBXResourcesBuildPhase section */
		8804C73A1C9BD69A0091400C /* Resources */ = {
			isa = PBXResourcesBuildPhase;
			buildActionMask = 2147483647;
			files = (
				1D61959820F8420D00A63ED2 /* MOSDK.storyboardc in Resources */,
				8804C74F1C9BD69A0091400C /* LaunchScreen.storyboard in Resources */,
				1D1A7A2A1FB5CA22002CB806 /* Release-6.3.0.txt in Resources */,
				1D1A7A271FB5CA22002CB806 /* HsUIResourceBundle.bundle in Resources */,
				1D1A7A261FB5CA22002CB806 /* HelpshiftConfigHighContrast.plist in Resources */,
				1D1A7A251FB5CA22002CB806 /* HelpshiftConfigDark.plist in Resources */,
				1D1A7A221FB5CA22002CB806 /* HelpshiftLocalizable.strings in Resources */,
				8804C74C1C9BD69A0091400C /* Assets.xcassets in Resources */,
				8804C74A1C9BD69A0091400C /* Main.storyboard in Resources */,
				1D1A7A241FB5CA22002CB806 /* HelpshiftConfig.plist in Resources */,
				1D1A7A231FB5CA22002CB806 /* HsLocalization.bundle in Resources */,
				1D17261B20F5C0CE0048F728 /* MOSDK.bundle in Resources */,
				1DA269092178584700373A0C /* GoogleSignIn.bundle in Resources */,
				1D1A7A291FB5CA22002CB806 /* NOTICE.txt in Resources */,
			);
			runOnlyForDeploymentPostprocessing = 0;
		};
/* End PBXResourcesBuildPhase section */

/* Begin PBXShellScriptBuildPhase section */
		1DF1791A1FE8BE6A0037BB09 /* ShellScript */ = {
			isa = PBXShellScriptBuildPhase;
			buildActionMask = 2147483647;
			files = (
			);
			inputPaths = (
			);
			outputPaths = (
			);
			runOnlyForDeploymentPostprocessing = 0;
			shellPath = /bin/sh;
			shellScript = "BUGLY_APP_ID=\"\"\nBUGLY_APP_KEY=\"\"\nBUNDLE_IDENTIFIER=\"\"\n\n#debug 模式编译是否上传，1=上传 0=不上传，默认不上传\nUPLOAD_DEBUG_SYMBOLS=0\n#模拟器编译是否上传， 1=上传，0=不上传，默认不上传\nUPLOAD_SIMULATOR_SYMBOLS=0";
		};
/* End PBXShellScriptBuildPhase section */

/* Begin PBXSourcesBuildPhase section */
		8804C7381C9BD69A0091400C /* Sources */ = {
			isa = PBXSourcesBuildPhase;
			buildActionMask = 2147483647;
			files = (
				8804C7471C9BD69A0091400C /* ViewController.m in Sources */,
				8804C7441C9BD69A0091400C /* AppDelegate.m in Sources */,
				8804C7411C9BD69A0091400C /* main.m in Sources */,
			);
			runOnlyForDeploymentPostprocessing = 0;
		};
/* End PBXSourcesBuildPhase section */

/* Begin PBXVariantGroup section */
		1D1A79E41FB5CA21002CB806 /* HelpshiftLocalizable.strings */ = {
			isa = PBXVariantGroup;
			children = (
				1D1A79E51FB5CA21002CB806 /* ar */,
				1D1A79E61FB5CA21002CB806 /* bg */,
				1D1A79E71FB5CA21002CB806 /* bn */,
				1D1A79E81FB5CA21002CB806 /* ca */,
				1D1A79E91FB5CA21002CB806 /* cs */,
				1D1A79EA1FB5CA21002CB806 /* da */,
				1D1A79EB1FB5CA21002CB806 /* de */,
				1D1A79EC1FB5CA21002CB806 /* el */,
				1D1A79ED1FB5CA21002CB806 /* en */,
				1D1A79EE1FB5CA21002CB806 /* es */,
				1D1A79EF1FB5CA21002CB806 /* fa */,
				1D1A79F01FB5CA21002CB806 /* fi */,
				1D1A79F11FB5CA21002CB806 /* fr */,
				1D1A79F21FB5CA21002CB806 /* gu */,
				1D1A79F31FB5CA21002CB806 /* he */,
				1D1A79F41FB5CA21002CB806 /* hi */,
				1D1A79F51FB5CA21002CB806 /* hr */,
				1D1A79F61FB5CA21002CB806 /* hu */,
				1D1A79F71FB5CA21002CB806 /* id */,
				1D1A79F81FB5CA21002CB806 /* it */,
				1D1A79F91FB5CA21002CB806 /* ja */,
				1D1A79FA1FB5CA21002CB806 /* kn */,
				1D1A79FB1FB5CA21002CB806 /* ko */,
				1D1A79FC1FB5CA21002CB806 /* lv */,
				1D1A79FD1FB5CA21002CB806 /* ml */,
				1D1A79FE1FB5CA21002CB806 /* mr */,
				1D1A79FF1FB5CA21002CB806 /* ms */,
				1D1A7A001FB5CA21002CB806 /* nb-NO */,
				1D1A7A011FB5CA21002CB806 /* nb */,
				1D1A7A021FB5CA21002CB806 /* nl */,
				1D1A7A031FB5CA21002CB806 /* pa */,
				1D1A7A041FB5CA21002CB806 /* pl */,
				1D1A7A051FB5CA21002CB806 /* pt */,
				1D1A7A061FB5CA21002CB806 /* ro */,
				1D1A7A071FB5CA21002CB806 /* ru */,
				1D1A7A081FB5CA21002CB806 /* sk */,
				1D1A7A091FB5CA21002CB806 /* sl */,
				1D1A7A0A1FB5CA21002CB806 /* sv */,
				1D1A7A0B1FB5CA22002CB806 /* ta */,
				1D1A7A0C1FB5CA22002CB806 /* te */,
				1D1A7A0D1FB5CA22002CB806 /* th */,
				1D1A7A0E1FB5CA22002CB806 /* tr */,
				1D1A7A0F1FB5CA22002CB806 /* uk */,
				1D1A7A101FB5CA22002CB806 /* vi */,
				1D1A7A111FB5CA22002CB806 /* zh-Hans-SG */,
				1D1A7A121FB5CA22002CB806 /* zh-Hans */,
				1D1A7A131FB5CA22002CB806 /* zh-Hant-HK */,
				1D1A7A141FB5CA22002CB806 /* zh-Hant */,
				1D1A7A151FB5CA22002CB806 /* zh-Hk */,
				1D1A7A161FB5CA22002CB806 /* zh-Sg */,
			);
			name = HelpshiftLocalizable.strings;
			sourceTree = "<group>";
		};
		8804C7481C9BD69A0091400C /* Main.storyboard */ = {
			isa = PBXVariantGroup;
			children = (
				8804C7491C9BD69A0091400C /* Base */,
				88595FDD1CA98D7D007846AD /* zh-Hans */,
				88595FDF1CA98D83007846AD /* zh-Hant */,
			);
			name = Main.storyboard;
			sourceTree = "<group>";
		};
		8804C74D1C9BD69A0091400C /* LaunchScreen.storyboard */ = {
			isa = PBXVariantGroup;
			children = (
				8804C74E1C9BD69A0091400C /* Base */,
				88595FDE1CA98D7D007846AD /* zh-Hans */,
				88595FE01CA98D83007846AD /* zh-Hant */,
			);
			name = LaunchScreen.storyboard;
			sourceTree = "<group>";
		};
/* End PBXVariantGroup section */

/* Begin XCBuildConfiguration section */
		8804C7511C9BD69A0091400C /* Debug */ = {
			isa = XCBuildConfiguration;
			buildSettings = {
				ALWAYS_SEARCH_USER_PATHS = NO;
				CLANG_ANALYZER_LOCALIZABILITY_NONLOCALIZED = YES;
				CLANG_CXX_LANGUAGE_STANDARD = "gnu++0x";
				CLANG_CXX_LIBRARY = "libc++";
				CLANG_ENABLE_MODULES = YES;
				CLANG_ENABLE_OBJC_ARC = YES;
				CLANG_WARN_BLOCK_CAPTURE_AUTORELEASING = YES;
				CLANG_WARN_BOOL_CONVERSION = YES;
				CLANG_WARN_COMMA = YES;
				CLANG_WARN_CONSTANT_CONVERSION = YES;
				CLANG_WARN_DEPRECATED_OBJC_IMPLEMENTATIONS = YES;
				CLANG_WARN_DIRECT_OBJC_ISA_USAGE = YES_ERROR;
				CLANG_WARN_EMPTY_BODY = YES;
				CLANG_WARN_ENUM_CONVERSION = YES;
				CLANG_WARN_INFINITE_RECURSION = YES;
				CLANG_WARN_INT_CONVERSION = YES;
				CLANG_WARN_NON_LITERAL_NULL_CONVERSION = YES;
				CLANG_WARN_OBJC_IMPLICIT_RETAIN_SELF = YES;
				CLANG_WARN_OBJC_LITERAL_CONVERSION = YES;
				CLANG_WARN_OBJC_ROOT_CLASS = YES_ERROR;
				CLANG_WARN_RANGE_LOOP_ANALYSIS = YES;
				CLANG_WARN_STRICT_PROTOTYPES = YES;
				CLANG_WARN_SUSPICIOUS_MOVE = YES;
				CLANG_WARN_UNREACHABLE_CODE = YES;
				CLANG_WARN__DUPLICATE_METHOD_MATCH = YES;
				"CODE_SIGN_IDENTITY[sdk=iphoneos*]" = "iPhone Developer";
				COPY_PHASE_STRIP = NO;
				DEBUG_INFORMATION_FORMAT = dwarf;
				ENABLE_STRICT_OBJC_MSGSEND = YES;
				ENABLE_TESTABILITY = YES;
				GCC_C_LANGUAGE_STANDARD = gnu99;
				GCC_DYNAMIC_NO_PIC = NO;
				GCC_NO_COMMON_BLOCKS = YES;
				GCC_OPTIMIZATION_LEVEL = 0;
				GCC_PREPROCESSOR_DEFINITIONS = (
					"DEBUG=1",
					"$(inherited)",
				);
				GCC_WARN_64_TO_32_BIT_CONVERSION = YES;
				GCC_WARN_ABOUT_RETURN_TYPE = YES_ERROR;
				GCC_WARN_UNDECLARED_SELECTOR = YES;
				GCC_WARN_UNINITIALIZED_AUTOS = YES_AGGRESSIVE;
				GCC_WARN_UNUSED_FUNCTION = YES;
				GCC_WARN_UNUSED_VARIABLE = YES;
				IPHONEOS_DEPLOYMENT_TARGET = 9.2;
				MTL_ENABLE_DEBUG_INFO = YES;
				ONLY_ACTIVE_ARCH = YES;
				SDKROOT = iphoneos;
				TARGETED_DEVICE_FAMILY = "1,2";
			};
			name = Debug;
		};
		8804C7521C9BD69A0091400C /* Release */ = {
			isa = XCBuildConfiguration;
			buildSettings = {
				ALWAYS_SEARCH_USER_PATHS = NO;
				CLANG_ANALYZER_LOCALIZABILITY_NONLOCALIZED = YES;
				CLANG_CXX_LANGUAGE_STANDARD = "gnu++0x";
				CLANG_CXX_LIBRARY = "libc++";
				CLANG_ENABLE_MODULES = YES;
				CLANG_ENABLE_OBJC_ARC = YES;
				CLANG_WARN_BLOCK_CAPTURE_AUTORELEASING = YES;
				CLANG_WARN_BOOL_CONVERSION = YES;
				CLANG_WARN_COMMA = YES;
				CLANG_WARN_CONSTANT_CONVERSION = YES;
				CLANG_WARN_DEPRECATED_OBJC_IMPLEMENTATIONS = YES;
				CLANG_WARN_DIRECT_OBJC_ISA_USAGE = YES_ERROR;
				CLANG_WARN_EMPTY_BODY = YES;
				CLANG_WARN_ENUM_CONVERSION = YES;
				CLANG_WARN_INFINITE_RECURSION = YES;
				CLANG_WARN_INT_CONVERSION = YES;
				CLANG_WARN_NON_LITERAL_NULL_CONVERSION = YES;
				CLANG_WARN_OBJC_IMPLICIT_RETAIN_SELF = YES;
				CLANG_WARN_OBJC_LITERAL_CONVERSION = YES;
				CLANG_WARN_OBJC_ROOT_CLASS = YES_ERROR;
				CLANG_WARN_RANGE_LOOP_ANALYSIS = YES;
				CLANG_WARN_STRICT_PROTOTYPES = YES;
				CLANG_WARN_SUSPICIOUS_MOVE = YES;
				CLANG_WARN_UNREACHABLE_CODE = YES;
				CLANG_WARN__DUPLICATE_METHOD_MATCH = YES;
				"CODE_SIGN_IDENTITY[sdk=iphoneos*]" = "iPhone Developer";
				COPY_PHASE_STRIP = NO;
				DEBUG_INFORMATION_FORMAT = "dwarf-with-dsym";
				ENABLE_NS_ASSERTIONS = NO;
				ENABLE_STRICT_OBJC_MSGSEND = YES;
				GCC_C_LANGUAGE_STANDARD = gnu99;
				GCC_NO_COMMON_BLOCKS = YES;
				GCC_WARN_64_TO_32_BIT_CONVERSION = YES;
				GCC_WARN_ABOUT_RETURN_TYPE = YES_ERROR;
				GCC_WARN_UNDECLARED_SELECTOR = YES;
				GCC_WARN_UNINITIALIZED_AUTOS = YES_AGGRESSIVE;
				GCC_WARN_UNUSED_FUNCTION = YES;
				GCC_WARN_UNUSED_VARIABLE = YES;
				IPHONEOS_DEPLOYMENT_TARGET = 9.2;
				MTL_ENABLE_DEBUG_INFO = NO;
				SDKROOT = iphoneos;
				TARGETED_DEVICE_FAMILY = "1,2";
				VALIDATE_PRODUCT = YES;
			};
			name = Release;
		};
		8804C7541C9BD69A0091400C /* Debug */ = {
			isa = XCBuildConfiguration;
			buildSettings = {
				ASSETCATALOG_COMPILER_APPICON_NAME = AppIcon;
				CLANG_CXX_LIBRARY = "libc++";
				CODE_SIGN_ENTITLEMENTS = MOSDKDemo/MOSDKDemo.entitlements;
				CODE_SIGN_IDENTITY = "iPhone Distribution";
				"CODE_SIGN_IDENTITY[sdk=iphoneos*]" = "iPhone Developer";
				CODE_SIGN_STYLE = Manual;
				DEVELOPMENT_TEAM = 3TGAAVKAN5;
				ENABLE_BITCODE = NO;
				FRAMEWORK_SEARCH_PATHS = (
					"$(inherited)",
					"$(PROJECT_DIR)/Frameworks",
					"$(PROJECT_DIR)",
				);
				INFOPLIST_FILE = MOSDKDemo/Info.plist;
				IPHONEOS_DEPLOYMENT_TARGET = 8.0;
				LD_RUNPATH_SEARCH_PATHS = "$(inherited) @executable_path/Frameworks";
				LIBRARY_SEARCH_PATHS = (
					"$(inherited)",
					"$(PROJECT_DIR)/Frameworks/MOSDK.framework",
					"$(PROJECT_DIR)/Frameworks",
					"$(PROJECT_DIR)/Frameworks/helpshift-sdk-ios-v6.3.0",
				);
				ONLY_ACTIVE_ARCH = NO;
				OTHER_LDFLAGS = "-ObjC";
				PRODUCT_BUNDLE_IDENTIFIER = com.james.zsjl6;
				PRODUCT_NAME = "$(TARGET_NAME)";
				PROVISIONING_PROFILE = "e974c59f-85d5-437e-ac18-b04b0da97d10";
				PROVISIONING_PROFILE_SPECIFIER = zsjl6_dev;
				VALID_ARCHS = "arm64 armv7s armv7 i386";
			};
			name = Debug;
		};
		8804C7551C9BD69A0091400C /* Release */ = {
			isa = XCBuildConfiguration;
			buildSettings = {
				ASSETCATALOG_COMPILER_APPICON_NAME = AppIcon;
				CLANG_CXX_LIBRARY = "libc++";
				CODE_SIGN_ENTITLEMENTS = MOSDKDemo/MOSDKDemo.entitlements;
				CODE_SIGN_IDENTITY = "";
				"CODE_SIGN_IDENTITY[sdk=iphoneos*]" = "iPhone Distribution";
				CODE_SIGN_STYLE = Manual;
				DEVELOPMENT_TEAM = 3TGAAVKAN5;
				ENABLE_BITCODE = NO;
				FRAMEWORK_SEARCH_PATHS = (
					"$(inherited)",
					"$(PROJECT_DIR)/Frameworks",
					"$(PROJECT_DIR)",
				);
				INFOPLIST_FILE = MOSDKDemo/Info.plist;
				IPHONEOS_DEPLOYMENT_TARGET = 8.0;
				LD_RUNPATH_SEARCH_PATHS = "$(inherited) @executable_path/Frameworks";
				LIBRARY_SEARCH_PATHS = (
					"$(inherited)",
					"$(PROJECT_DIR)/Frameworks/MOSDK.framework",
					"$(PROJECT_DIR)/Frameworks",
					"$(PROJECT_DIR)/Frameworks/helpshift-sdk-ios-v6.3.0",
				);
				OTHER_LDFLAGS = "-ObjC";
				PRODUCT_BUNDLE_IDENTIFIER = com.james.zsjl6;
				PRODUCT_NAME = "$(TARGET_NAME)";
				PROVISIONING_PROFILE = "fbcab873-b03c-41e1-aeb1-61d2b6b09d7b";
				PROVISIONING_PROFILE_SPECIFIER = zsjl6_adhoc;
				VALID_ARCHS = "arm64 armv7s armv7 i386";
			};
			name = Release;
		};
/* End XCBuildConfiguration section */

/* Begin XCConfigurationList section */
		8804C7371C9BD69A0091400C /* Build configuration list for PBXProject "MOSDKDemo" */ = {
			isa = XCConfigurationList;
			buildConfigurations = (
				8804C7511C9BD69A0091400C /* Debug */,
				8804C7521C9BD69A0091400C /* Release */,
			);
			defaultConfigurationIsVisible = 0;
			defaultConfigurationName = Release;
		};
		8804C7531C9BD69A0091400C /* Build configuration list for PBXNativeTarget "MOSDKDemo" */ = {
			isa = XCConfigurationList;
			buildConfigurations = (
				8804C7541C9BD69A0091400C /* Debug */,
				8804C7551C9BD69A0091400C /* Release */,
			);
			defaultConfigurationIsVisible = 0;
			defaultConfigurationName = Release;
		};
/* End XCConfigurationList section */
	};
	rootObject = 8804C7341C9BD69A0091400C /* Project object */;
}
